# THIS IS AN AUTOGENERATED FILE. DO NOT EDIT THIS FILE DIRECTLY.
# yarn lockfile v1


autoprefixer@^10.0.2:
  version "10.1.0"
  resolved "https://registry.yarnpkg.com/autoprefixer/-/autoprefixer-10.1.0.tgz#b19fd8524edef8c85c9db3bdb0c998de84e172fb"
  integrity sha512-0/lBNwN+ZUnb5su18NZo5MBIjDaq6boQKZcxwy86Gip/CmXA2zZqUoFQLCNAGI5P25ZWSP2RWdhDJ8osfKEjoQ==
  dependencies:
    browserslist "^4.15.0"
    caniuse-lite "^1.0.30001165"
    colorette "^1.2.1"
    fraction.js "^4.0.12"
    normalize-range "^0.1.2"
    postcss-value-parser "^4.1.0"

browserslist@^4.15.0:
  version "4.16.0"
  resolved "https://registry.yarnpkg.com/browserslist/-/browserslist-4.16.0.tgz#410277627500be3cb28a1bfe037586fbedf9488b"
  integrity sha512-/j6k8R0p3nxOC6kx5JGAxsnhc9ixaWJfYc+TNTzxg6+ARaESAvQGV7h0uNOB4t+pLQJZWzcrMxXOxjgsCj3dqQ==
  dependencies:
    caniuse-lite "^1.0.30001165"
    colorette "^1.2.1"
    electron-to-chromium "^1.3.621"
    escalade "^3.1.1"
    node-releases "^1.1.67"

caniuse-lite@^1.0.30001165:
  version "1.0.30001170"
  resolved "https://registry.yarnpkg.com/caniuse-lite/-/caniuse-lite-1.0.30001170.tgz#0088bfecc6a14694969e391cc29d7eb6362ca6a7"
  integrity sha512-Dd4d/+0tsK0UNLrZs3CvNukqalnVTRrxb5mcQm8rHL49t7V5ZaTygwXkrq+FB+dVDf++4ri8eJnFEJAB8332PA==

colorette@^1.2.1:
  version "1.2.1"
  resolved "https://registry.yarnpkg.com/colorette/-/colorette-1.2.1.tgz#4d0b921325c14faf92633086a536db6e89564b1b"
  integrity sha512-puCDz0CzydiSYOrnXpz/PKd69zRrribezjtE9yd4zvytoRc8+RY/KJPvtPFKZS3E3wP6neGyMe0vOTlHO5L3Pw==

colorette@^1.2.2:
  version "1.2.2"
  resolved "https://registry.yarnpkg.com/colorette/-/colorette-1.2.2.tgz#cbcc79d5e99caea2dbf10eb3a26fd8b3e6acfa94"
  integrity sha512-MKGMzyfeuutC/ZJ1cba9NqcNpfeqMUcYmyF1ZFY6/Cn7CNSAKx6a+s48sqLqyAiZuaP2TcqMhoo+dlwFnVxT9w==

electron-to-chromium@^1.3.621:
  version "1.3.633"
  resolved "https://registry.yarnpkg.com/electron-to-chromium/-/electron-to-chromium-1.3.633.tgz#16dd5aec9de03894e8d14a1db4cda8a369b9b7fe"
  integrity sha512-bsVCsONiVX1abkWdH7KtpuDAhsQ3N3bjPYhROSAXE78roJKet0Y5wznA14JE9pzbwSZmSMAW6KiKYf1RvbTJkA==

escalade@^3.1.1:
  version "3.1.1"
  resolved "https://registry.yarnpkg.com/escalade/-/escalade-3.1.1.tgz#d8cfdc7000965c5a0174b4a82eaa5c0552742e40"
  integrity sha512-k0er2gUkLf8O0zKJiAhmkTnJlTvINGv7ygDNPbeIsX/TJjGJZHuh9B2UxbsaEkmlEo9MfhrSzmhIlhRlI2GXnw==

fraction.js@^4.0.12:
  version "4.0.13"
  resolved "https://registry.yarnpkg.com/fraction.js/-/fraction.js-4.0.13.tgz#3c1c315fa16b35c85fffa95725a36fa729c69dfe"
  integrity sha512-E1fz2Xs9ltlUp+qbiyx9wmt2n9dRzPsS11Jtdb8D2o+cC7wr9xkkKsVKJuBX0ST+LVS+LhLO+SbLJNtfWcJvXA==

nanoid@^3.1.23:
  version "3.1.23"
  resolved "https://registry.yarnpkg.com/nanoid/-/nanoid-3.1.23.tgz#f744086ce7c2bc47ee0a8472574d5c78e4183a81"
  integrity sha512-FiB0kzdP0FFVGDKlRLEQ1BgDzU87dy5NnzjeW9YZNt+/c3+q82EQDUwniSAUxp/F0gFNI1ZhKU1FqYsMuqZVnw==

node-releases@^1.1.67:
  version "1.1.67"
  resolved "https://registry.yarnpkg.com/node-releases/-/node-releases-1.1.67.tgz#28ebfcccd0baa6aad8e8d4d8fe4cbc49ae239c12"
  integrity sha512-V5QF9noGFl3EymEwUYzO+3NTDpGfQB4ve6Qfnzf3UNydMhjQRVPR1DZTuvWiLzaFJYw2fmDwAfnRNEVb64hSIg==

normalize-range@^0.1.2:
  version "0.1.2"
  resolved "https://registry.yarnpkg.com/normalize-range/-/normalize-range-0.1.2.tgz#2d10c06bdfd312ea9777695a4d28439456b75942"
  integrity sha1-LRDAa9/TEuqXd2laTShDlFa3WUI=

postcss-value-parser@^4.1.0:
  version "4.1.0"
  resolved "https://registry.yarnpkg.com/postcss-value-parser/-/postcss-value-parser-4.1.0.tgz#443f6a20ced6481a2bda4fa8532a6e55d789a2cb"
  integrity sha512-97DXOFbQJhk71ne5/Mt6cOu6yxsSfM0QGQyl0L25Gca4yGWEGJaig7l7gbCX623VqTBNGLRLaVUCnNkcedlRSQ==

postcss@^8.2.15:
  version "8.2.15"
  resolved "https://registry.yarnpkg.com/postcss/-/postcss-8.2.15.tgz#9e66ccf07292817d226fc315cbbf9bc148fbca65"
  integrity sha512-2zO3b26eJD/8rb106Qu2o7Qgg52ND5HPjcyQiK2B98O388h43A448LCslC0dI2P97wCAQRJsFvwTRcXxTKds+Q==
  dependencies:
    colorette "^1.2.2"
    nanoid "^3.1.23"
    source-map "^0.6.1"

source-map@^0.6.1:
  version "0.6.1"
  resolved "https://registry.yarnpkg.com/source-map/-/source-map-0.6.1.tgz#74722af32e9614e9c287a8d0bbde48b5e2f1a263"
  integrity sha512-UjgapumWlbMhkBgzT7Ykc5YXUT46F0iKu8SGXq0bcwP5dz/h0Plj6enJqjz1Zbq2l5WaqYnrVbwWOWMyF3F47g==
