# THIS IS AN AUTOGENERATED FILE. DO NOT EDIT THIS FILE DIRECTLY.
# yarn lockfile v1


"@trysound/sax@0.1.1":
  version "0.1.1"
  resolved "https://registry.yarnpkg.com/@trysound/sax/-/sax-0.1.1.tgz#3348564048e7a2d7398c935d466c0414ebb6a669"
  integrity sha512-Z6DoceYb/1xSg5+e+ZlPZ9v0N16ZvZ+wYMraFue4HYrE4ttONKtsvruIRf6t9TBR0YvSOfi1hUU0fJfBLCDYow==

alphanum-sort@^1.0.2:
  version "1.0.2"
  resolved "https://registry.yarnpkg.com/alphanum-sort/-/alphanum-sort-1.0.2.tgz#97a1119649b211ad33691d9f9f486a8ec9fbe0a3"
  integrity sha1-l6ERlkmyEa0zaR2fn0hqjsn74KM=

ansi-styles@^4.1.0:
  version "4.3.0"
  resolved "https://registry.yarnpkg.com/ansi-styles/-/ansi-styles-4.3.0.tgz#edd803628ae71c04c85ae7a0906edad34b648937"
  integrity sha512-zbB9rCJAT1rbjiVDb2hqKFHNYLxgtk8NURxZ3IZwD3F6NtxbXZQCnnSi1Lkx+IDohdPlFp222wVALIheZJQSEg==
  dependencies:
    color-convert "^2.0.1"

autoprefixer@^10.0.2:
  version "10.1.0"
  resolved "https://registry.yarnpkg.com/autoprefixer/-/autoprefixer-10.1.0.tgz#b19fd8524edef8c85c9db3bdb0c998de84e172fb"
  integrity sha512-0/lBNwN+ZUnb5su18NZo5MBIjDaq6boQKZcxwy86Gip/CmXA2zZqUoFQLCNAGI5P25ZWSP2RWdhDJ8osfKEjoQ==
  dependencies:
    browserslist "^4.15.0"
    caniuse-lite "^1.0.30001165"
    colorette "^1.2.1"
    fraction.js "^4.0.12"
    normalize-range "^0.1.2"
    postcss-value-parser "^4.1.0"

boolbase@^1.0.0:
  version "1.0.0"
  resolved "https://registry.yarnpkg.com/boolbase/-/boolbase-1.0.0.tgz#68dff5fbe60c51eb37725ea9e3ed310dcc1e776e"
  integrity sha1-aN/1++YMUes3cl6p4+0xDcwed24=

browserslist@^4.0.0, browserslist@^4.15.0, browserslist@^4.16.0:
  version "4.16.6"
  resolved "https://registry.yarnpkg.com/browserslist/-/browserslist-4.16.6.tgz#d7901277a5a88e554ed305b183ec9b0c08f66fa2"
  integrity sha512-Wspk/PqO+4W9qp5iUTJsa1B/QrYn1keNCcEP5OvP7WBwT4KaDly0uONYmC6Xa3Z5IqnUgS0KcgLYu1l74x0ZXQ==
  dependencies:
    caniuse-lite "^1.0.30001219"
    colorette "^1.2.2"
    electron-to-chromium "^1.3.723"
    escalade "^3.1.1"
    node-releases "^1.1.71"

caniuse-api@^3.0.0:
  version "3.0.0"
  resolved "https://registry.yarnpkg.com/caniuse-api/-/caniuse-api-3.0.0.tgz#5e4d90e2274961d46291997df599e3ed008ee4c0"
  integrity sha512-bsTwuIg/BZZK/vreVTYYbSWoe2F+71P7K5QGEX+pT250DZbfU1MQ5prOKpPR+LL6uWKK3KMwMCAS74QB3Um1uw==
  dependencies:
    browserslist "^4.0.0"
    caniuse-lite "^1.0.0"
    lodash.memoize "^4.1.2"
    lodash.uniq "^4.5.0"

caniuse-lite@^1.0.0, caniuse-lite@^1.0.30001165, caniuse-lite@^1.0.30001219:
  version "1.0.30001228"
  resolved "https://registry.yarnpkg.com/caniuse-lite/-/caniuse-lite-1.0.30001228.tgz#bfdc5942cd3326fa51ee0b42fbef4da9d492a7fa"
  integrity sha512-QQmLOGJ3DEgokHbMSA8cj2a+geXqmnpyOFT0lhQV6P3/YOJvGDEwoedcwxEQ30gJIwIIunHIicunJ2rzK5gB2A==

chalk@^4.1.0:
  version "4.1.1"
  resolved "https://registry.yarnpkg.com/chalk/-/chalk-4.1.1.tgz#c80b3fab28bf6371e6863325eee67e618b77e6ad"
  integrity sha512-diHzdDKxcU+bAsUboHLPEDQiw0qEe0qd7SYUn3HgcFlWgbDcfLGswOHYeGrHKzG9z6UYf01d9VFMfZxPM1xZSg==
  dependencies:
    ansi-styles "^4.1.0"
    supports-color "^7.1.0"

color-convert@^2.0.1:
  version "2.0.1"
  resolved "https://registry.yarnpkg.com/color-convert/-/color-convert-2.0.1.tgz#72d3a68d598c9bdb3af2ad1e84f21d896abd4de3"
  integrity sha512-RRECPsj7iu/xb5oKYcsFHSppFNnsj/52OVTRKb4zP5onXwVF3zVmmToNcOfGC+CRDpfK/U584fMg38ZHCaElKQ==
  dependencies:
    color-name "~1.1.4"

color-name@~1.1.4:
  version "1.1.4"
  resolved "https://registry.yarnpkg.com/color-name/-/color-name-1.1.4.tgz#c2a09a87acbde69543de6f63fa3995c826c536a2"
  integrity sha512-dOy+3AuW3a2wNbZHIuMZpTcgjGuLU/uBL/ubcZF9OXbDo8ff4O8yVp5Bf0efS8uEoYo5q4Fx7dY9OgQGXgAsQA==

colord@^2.0.0:
  version "2.0.0"
  resolved "https://registry.yarnpkg.com/colord/-/colord-2.0.0.tgz#f8c19f2526b7dc5b22d6e57ef102f03a2a43a3d8"
  integrity sha512-WMDFJfoY3wqPZNpKUFdse3HhD5BHCbE9JCdxRzoVH+ywRITGOeWAHNkGEmyxLlErEpN9OLMWgdM9dWQtDk5dog==

colorette@^1.2.1, colorette@^1.2.2:
  version "1.2.2"
  resolved "https://registry.yarnpkg.com/colorette/-/colorette-1.2.2.tgz#cbcc79d5e99caea2dbf10eb3a26fd8b3e6acfa94"
  integrity sha512-MKGMzyfeuutC/ZJ1cba9NqcNpfeqMUcYmyF1ZFY6/Cn7CNSAKx6a+s48sqLqyAiZuaP2TcqMhoo+dlwFnVxT9w==

commander@^7.1.0:
  version "7.2.0"
  resolved "https://registry.yarnpkg.com/commander/-/commander-7.2.0.tgz#a36cb57d0b501ce108e4d20559a150a391d97ab7"
  integrity sha512-QrWXB+ZQSVPmIWIhtEO9H+gwHaMGYiF5ChvoJ+K9ZGHG/sVsa6yiesAD1GC/x46sET00Xlwo1u49RVVVzvcSkw==

css-color-names@^0.0.4:
  version "0.0.4"
  resolved "https://registry.yarnpkg.com/css-color-names/-/css-color-names-0.0.4.tgz#808adc2e79cf84738069b646cb20ec27beb629e0"
  integrity sha1-gIrcLnnPhHOAabZGyyDsJ762KeA=

css-color-names@^1.0.1:
  version "1.0.1"
  resolved "https://registry.yarnpkg.com/css-color-names/-/css-color-names-1.0.1.tgz#6ff7ee81a823ad46e020fa2fd6ab40a887e2ba67"
  integrity sha512-/loXYOch1qU1biStIFsHH8SxTmOseh1IJqFvy8IujXOm1h+QjUdDhkzOrR5HG8K8mlxREj0yfi8ewCHx0eMxzA==

css-declaration-sorter@^6.0.3:
  version "6.0.3"
  resolved "https://registry.yarnpkg.com/css-declaration-sorter/-/css-declaration-sorter-6.0.3.tgz#9dfd8ea0df4cc7846827876fafb52314890c21a9"
  integrity sha512-52P95mvW1SMzuRZegvpluT6yEv0FqQusydKQPZsNN5Q7hh8EwQvN8E2nwuJ16BBvNN6LcoIZXu/Bk58DAhrrxw==
  dependencies:
    timsort "^0.3.0"

css-select@^3.1.2:
  version "3.1.2"
  resolved "https://registry.yarnpkg.com/css-select/-/css-select-3.1.2.tgz#d52cbdc6fee379fba97fb0d3925abbd18af2d9d8"
  integrity sha512-qmss1EihSuBNWNNhHjxzxSfJoFBM/lERB/Q4EnsJQQC62R2evJDW481091oAdOr9uh46/0n4nrg0It5cAnj1RA==
  dependencies:
    boolbase "^1.0.0"
    css-what "^4.0.0"
    domhandler "^4.0.0"
    domutils "^2.4.3"
    nth-check "^2.0.0"

css-tree@^1.1.2:
  version "1.1.3"
  resolved "https://registry.yarnpkg.com/css-tree/-/css-tree-1.1.3.tgz#eb4870fb6fd7707327ec95c2ff2ab09b5e8db91d"
  integrity sha512-tRpdppF7TRazZrjJ6v3stzv93qxRcSsFmW6cX0Zm2NVKpxE1WV1HblnghVv9TreireHkqI/VDEsfolRF1p6y7Q==
  dependencies:
    mdn-data "2.0.14"
    source-map "^0.6.1"

css-what@^4.0.0:
  version "4.0.0"
  resolved "https://registry.yarnpkg.com/css-what/-/css-what-4.0.0.tgz#35e73761cab2eeb3d3661126b23d7aa0e8432233"
  integrity sha512-teijzG7kwYfNVsUh2H/YN62xW3KK9YhXEgSlbxMlcyjPNvdKJqFx5lrwlJgoFP1ZHlB89iGDlo/JyshKeRhv5A==

cssesc@^3.0.0:
  version "3.0.0"
  resolved "https://registry.yarnpkg.com/cssesc/-/cssesc-3.0.0.tgz#37741919903b868565e1c09ea747445cd18983ee"
  integrity sha512-/Tb/JcjK111nNScGob5MNtsntNM1aCNUDipB/TkwZFhyDrrE47SOx/18wF2bbjgc3ZzCSKW1T5nt5EbFoAz/Vg==

cssnano-preset-default@^5.1.1:
  version "5.1.1"
  resolved "https://registry.yarnpkg.com/cssnano-preset-default/-/cssnano-preset-default-5.1.1.tgz#5cd783caed942cc94159aeb10583af4691445b8c"
  integrity sha512-kAhR71Tascmnjlhl4UegGA3KGGbMLXHkkqVpA9idsRT1JmIhIsz1C3tDpBeQMUw5EX5Rfb1HGc/PRqD2AFk3Vg==
  dependencies:
    css-declaration-sorter "^6.0.3"
    cssnano-utils "^2.0.1"
    postcss-calc "^8.0.0"
    postcss-colormin "^5.1.1"
    postcss-convert-values "^5.0.1"
    postcss-discard-comments "^5.0.1"
    postcss-discard-duplicates "^5.0.1"
    postcss-discard-empty "^5.0.1"
    postcss-discard-overridden "^5.0.1"
    postcss-merge-longhand "^5.0.2"
    postcss-merge-rules "^5.0.1"
    postcss-minify-font-values "^5.0.1"
    postcss-minify-gradients "^5.0.1"
    postcss-minify-params "^5.0.1"
    postcss-minify-selectors "^5.1.0"
    postcss-normalize-charset "^5.0.1"
    postcss-normalize-display-values "^5.0.1"
    postcss-normalize-positions "^5.0.1"
    postcss-normalize-repeat-style "^5.0.1"
    postcss-normalize-string "^5.0.1"
    postcss-normalize-timing-functions "^5.0.1"
    postcss-normalize-unicode "^5.0.1"
    postcss-normalize-url "^5.0.1"
    postcss-normalize-whitespace "^5.0.1"
    postcss-ordered-values "^5.0.1"
    postcss-reduce-initial "^5.0.1"
    postcss-reduce-transforms "^5.0.1"
    postcss-svgo "^5.0.1"
    postcss-unique-selectors "^5.0.1"

cssnano-utils@^2.0.1:
  version "2.0.1"
  resolved "https://registry.yarnpkg.com/cssnano-utils/-/cssnano-utils-2.0.1.tgz#8660aa2b37ed869d2e2f22918196a9a8b6498ce2"
  integrity sha512-i8vLRZTnEH9ubIyfdZCAdIdgnHAUeQeByEeQ2I7oTilvP9oHO6RScpeq3GsFUVqeB8uZgOQ9pw8utofNn32hhQ==

csso@^4.2.0:
  version "4.2.0"
  resolved "https://registry.yarnpkg.com/csso/-/csso-4.2.0.tgz#ea3a561346e8dc9f546d6febedd50187cf389529"
  integrity sha512-wvlcdIbf6pwKEk7vHj8/Bkc0B4ylXZruLvOgs9doS5eOsOpuodOV2zJChSpkp+pRpYQLQMeF04nr3Z68Sta9jA==
  dependencies:
    css-tree "^1.1.2"

dom-serializer@^1.0.1:
  version "1.3.2"
  resolved "https://registry.yarnpkg.com/dom-serializer/-/dom-serializer-1.3.2.tgz#6206437d32ceefaec7161803230c7a20bc1b4d91"
  integrity sha512-5c54Bk5Dw4qAxNOI1pFEizPSjVsx5+bpJKmL2kPn8JhBUq2q09tTCa3mjijun2NfK78NMouDYNMBkOrPZiS+ig==
  dependencies:
    domelementtype "^2.0.1"
    domhandler "^4.2.0"
    entities "^2.0.0"

domelementtype@^2.0.1, domelementtype@^2.2.0:
  version "2.2.0"
  resolved "https://registry.yarnpkg.com/domelementtype/-/domelementtype-2.2.0.tgz#9a0b6c2782ed6a1c7323d42267183df9bd8b1d57"
  integrity sha512-DtBMo82pv1dFtUmHyr48beiuq792Sxohr+8Hm9zoxklYPfa6n0Z3Byjj2IV7bmr2IyqClnqEQhfgHJJ5QF0R5A==

domhandler@^4.0.0, domhandler@^4.2.0:
  version "4.2.0"
  resolved "https://registry.yarnpkg.com/domhandler/-/domhandler-4.2.0.tgz#f9768a5f034be60a89a27c2e4d0f74eba0d8b059"
  integrity sha512-zk7sgt970kzPks2Bf+dwT/PLzghLnsivb9CcxkvR8Mzr66Olr0Ofd8neSbglHJHaHa2MadfoSdNlKYAaafmWfA==
  dependencies:
    domelementtype "^2.2.0"

domutils@^2.4.3:
  version "2.6.0"
  resolved "https://registry.yarnpkg.com/domutils/-/domutils-2.6.0.tgz#2e15c04185d43fb16ae7057cb76433c6edb938b7"
  integrity sha512-y0BezHuy4MDYxh6OvolXYsH+1EMGmFbwv5FKW7ovwMG6zTPWqNPq3WF9ayZssFq+UlKdffGLbOEaghNdaOm1WA==
  dependencies:
    dom-serializer "^1.0.1"
    domelementtype "^2.2.0"
    domhandler "^4.2.0"

electron-to-chromium@^1.3.723:
  version "1.3.737"
  resolved "https://registry.yarnpkg.com/electron-to-chromium/-/electron-to-chromium-1.3.737.tgz#196f2e9656f4f3c31930750e1899c091b72d36b5"
  integrity sha512-P/B84AgUSQXaum7a8m11HUsYL8tj9h/Pt5f7Hg7Ty6bm5DxlFq+e5+ouHUoNQMsKDJ7u4yGfI8mOErCmSH9wyg==

entities@^2.0.0:
  version "2.2.0"
  resolved "https://registry.yarnpkg.com/entities/-/entities-2.2.0.tgz#098dc90ebb83d8dffa089d55256b351d34c4da55"
  integrity sha512-p92if5Nz619I0w+akJrLZH0MX0Pb5DX39XOwQTtXSdQQOaYH03S1uIQp4mhOZtAXrxq4ViO67YTiLBo2638o9A==

escalade@^3.1.1:
  version "3.1.1"
  resolved "https://registry.yarnpkg.com/escalade/-/escalade-3.1.1.tgz#d8cfdc7000965c5a0174b4a82eaa5c0552742e40"
  integrity sha512-k0er2gUkLf8O0zKJiAhmkTnJlTvINGv7ygDNPbeIsX/TJjGJZHuh9B2UxbsaEkmlEo9MfhrSzmhIlhRlI2GXnw==

fraction.js@^4.0.12:
  version "4.0.13"
  resolved "https://registry.yarnpkg.com/fraction.js/-/fraction.js-4.0.13.tgz#3c1c315fa16b35c85fffa95725a36fa729c69dfe"
  integrity sha512-E1fz2Xs9ltlUp+qbiyx9wmt2n9dRzPsS11Jtdb8D2o+cC7wr9xkkKsVKJuBX0ST+LVS+LhLO+SbLJNtfWcJvXA==

has-flag@^4.0.0:
  version "4.0.0"
  resolved "https://registry.yarnpkg.com/has-flag/-/has-flag-4.0.0.tgz#944771fd9c81c81265c4d6941860da06bb59479b"
  integrity sha512-EykJT/Q1KjTWctppgIAgfSO0tKVuZUjhgMr17kqTumMl6Afv3EISleU7qZUzoXDFTAHTDC4NOoG/ZxU3EvlMPQ==

hex-color-regex@^1.1.0:
  version "1.1.0"
  resolved "https://registry.yarnpkg.com/hex-color-regex/-/hex-color-regex-1.1.0.tgz#4c06fccb4602fe2602b3c93df82d7e7dbf1a8a8e"
  integrity sha512-l9sfDFsuqtOqKDsQdqrMRk0U85RZc0RtOR9yPI7mRVOa4FsR/BVnZ0shmQRM96Ji99kYZP/7hn1cedc1+ApsTQ==

hsl-regex@^1.0.0:
  version "1.0.0"
  resolved "https://registry.yarnpkg.com/hsl-regex/-/hsl-regex-1.0.0.tgz#d49330c789ed819e276a4c0d272dffa30b18fe6e"
  integrity sha1-1JMwx4ntgZ4nakwNJy3/owsY/m4=

hsla-regex@^1.0.0:
  version "1.0.0"
  resolved "https://registry.yarnpkg.com/hsla-regex/-/hsla-regex-1.0.0.tgz#c1ce7a3168c8c6614033a4b5f7877f3b225f9c38"
  integrity sha1-wc56MWjIxmFAM6S194d/OyJfnDg=

is-absolute-url@^3.0.3:
  version "3.0.3"
  resolved "https://registry.yarnpkg.com/is-absolute-url/-/is-absolute-url-3.0.3.tgz#96c6a22b6a23929b11ea0afb1836c36ad4a5d698"
  integrity sha512-opmNIX7uFnS96NtPmhWQgQx6/NYFgsUXYMllcfzwWKUMwfo8kku1TvE6hkNcH+Q1ts5cMVrsY7j0bxXQDciu9Q==

is-color-stop@^1.1.0:
  version "1.1.0"
  resolved "https://registry.yarnpkg.com/is-color-stop/-/is-color-stop-1.1.0.tgz#cfff471aee4dd5c9e158598fbe12967b5cdad345"
  integrity sha1-z/9HGu5N1cnhWFmPvhKWe1za00U=
  dependencies:
    css-color-names "^0.0.4"
    hex-color-regex "^1.1.0"
    hsl-regex "^1.0.0"
    hsla-regex "^1.0.0"
    rgb-regex "^1.0.1"
    rgba-regex "^1.0.0"

lodash.memoize@^4.1.2:
  version "4.1.2"
  resolved "https://registry.yarnpkg.com/lodash.memoize/-/lodash.memoize-4.1.2.tgz#bcc6c49a42a2840ed997f323eada5ecd182e0bfe"
  integrity sha1-vMbEmkKihA7Zl/Mj6tpezRguC/4=

lodash.uniq@^4.5.0:
  version "4.5.0"
  resolved "https://registry.yarnpkg.com/lodash.uniq/-/lodash.uniq-4.5.0.tgz#d0225373aeb652adc1bc82e4945339a842754773"
  integrity sha1-0CJTc662Uq3BvILklFM5qEJ1R3M=

mdn-data@2.0.14:
  version "2.0.14"
  resolved "https://registry.yarnpkg.com/mdn-data/-/mdn-data-2.0.14.tgz#7113fc4281917d63ce29b43446f701e68c25ba50"
  integrity sha512-dn6wd0uw5GsdswPFfsgMp5NSB0/aDe6fK94YJV/AJDYXL6HVLWBsxeq7js7Ad+mU2K9LAlwpk6kN2D5mwCPVow==

nanoid@^3.1.23:
  version "3.1.23"
  resolved "https://registry.yarnpkg.com/nanoid/-/nanoid-3.1.23.tgz#f744086ce7c2bc47ee0a8472574d5c78e4183a81"
  integrity sha512-FiB0kzdP0FFVGDKlRLEQ1BgDzU87dy5NnzjeW9YZNt+/c3+q82EQDUwniSAUxp/F0gFNI1ZhKU1FqYsMuqZVnw==

node-releases@^1.1.71:
  version "1.1.72"
  resolved "https://registry.yarnpkg.com/node-releases/-/node-releases-1.1.72.tgz#14802ab6b1039a79a0c7d662b610a5bbd76eacbe"
  integrity sha512-LLUo+PpH3dU6XizX3iVoubUNheF/owjXCZZ5yACDxNnPtgFuludV1ZL3ayK1kVep42Rmm0+R9/Y60NQbZ2bifw==

normalize-range@^0.1.2:
  version "0.1.2"
  resolved "https://registry.yarnpkg.com/normalize-range/-/normalize-range-0.1.2.tgz#2d10c06bdfd312ea9777695a4d28439456b75942"
  integrity sha1-LRDAa9/TEuqXd2laTShDlFa3WUI=

normalize-url@^4.5.0:
  version "4.5.1"
  resolved "https://registry.yarnpkg.com/normalize-url/-/normalize-url-4.5.1.tgz#0dd90cf1288ee1d1313b87081c9a5932ee48518a"
  integrity sha512-9UZCFRHQdNrfTpGg8+1INIg93B6zE0aXMVFkw1WFwvO4SlZywU6aLg5Of0Ap/PgcbSw4LNxvMWXMeugwMCX0AA==

nth-check@^2.0.0:
  version "2.0.0"
  resolved "https://registry.yarnpkg.com/nth-check/-/nth-check-2.0.0.tgz#1bb4f6dac70072fc313e8c9cd1417b5074c0a125"
  integrity sha512-i4sc/Kj8htBrAiH1viZ0TgU8Y5XqCaV/FziYK6TBczxmeKm3AEFWqqF3195yKudrarqy7Zu80Ra5dobFjn9X/Q==
  dependencies:
    boolbase "^1.0.0"

postcss-calc@^8.0.0:
  version "8.0.0"
  resolved "https://registry.yarnpkg.com/postcss-calc/-/postcss-calc-8.0.0.tgz#a05b87aacd132740a5db09462a3612453e5df90a"
  integrity sha512-5NglwDrcbiy8XXfPM11F3HeC6hoT9W7GUH/Zi5U/p7u3Irv4rHhdDcIZwG0llHXV4ftsBjpfWMXAnXNl4lnt8g==
  dependencies:
    postcss-selector-parser "^6.0.2"
    postcss-value-parser "^4.0.2"

postcss-colormin@^5.1.1:
  version "5.1.1"
  resolved "https://registry.yarnpkg.com/postcss-colormin/-/postcss-colormin-5.1.1.tgz#834d262f6021f832d9085e355f08ade288a92a1d"
  integrity sha512-SyTmqKKN6PyYNeeKEC0hqIP5CDuprO1hHurdW1aezDyfofDUOn7y7MaxcolbsW3oazPwFiGiY30XRiW1V4iZpA==
  dependencies:
    browserslist "^4.16.0"
    colord "^2.0.0"
    postcss-value-parser "^4.1.0"

postcss-convert-values@^5.0.1:
  version "5.0.1"
  resolved "https://registry.yarnpkg.com/postcss-convert-values/-/postcss-convert-values-5.0.1.tgz#4ec19d6016534e30e3102fdf414e753398645232"
  integrity sha512-C3zR1Do2BkKkCgC0g3sF8TS0koF2G+mN8xxayZx3f10cIRmTaAnpgpRQZjNekTZxM2ciSPoh2IWJm0VZx8NoQg==
  dependencies:
    postcss-value-parser "^4.1.0"

postcss-discard-comments@^5.0.1:
  version "5.0.1"
  resolved "https://registry.yarnpkg.com/postcss-discard-comments/-/postcss-discard-comments-5.0.1.tgz#9eae4b747cf760d31f2447c27f0619d5718901fe"
  integrity sha512-lgZBPTDvWrbAYY1v5GYEv8fEO/WhKOu/hmZqmCYfrpD6eyDWWzAOsl2rF29lpvziKO02Gc5GJQtlpkTmakwOWg==

postcss-discard-duplicates@^5.0.1:
  version "5.0.1"
  resolved "https://registry.yarnpkg.com/postcss-discard-duplicates/-/postcss-discard-duplicates-5.0.1.tgz#68f7cc6458fe6bab2e46c9f55ae52869f680e66d"
  integrity sha512-svx747PWHKOGpAXXQkCc4k/DsWo+6bc5LsVrAsw+OU+Ibi7klFZCyX54gjYzX4TH+f2uzXjRviLARxkMurA2bA==

postcss-discard-empty@^5.0.1:
  version "5.0.1"
  resolved "https://registry.yarnpkg.com/postcss-discard-empty/-/postcss-discard-empty-5.0.1.tgz#ee136c39e27d5d2ed4da0ee5ed02bc8a9f8bf6d8"
  integrity sha512-vfU8CxAQ6YpMxV2SvMcMIyF2LX1ZzWpy0lqHDsOdaKKLQVQGVP1pzhrI9JlsO65s66uQTfkQBKBD/A5gp9STFw==

postcss-discard-overridden@^5.0.1:
  version "5.0.1"
  resolved "https://registry.yarnpkg.com/postcss-discard-overridden/-/postcss-discard-overridden-5.0.1.tgz#454b41f707300b98109a75005ca4ab0ff2743ac6"
  integrity sha512-Y28H7y93L2BpJhrdUR2SR2fnSsT+3TVx1NmVQLbcnZWwIUpJ7mfcTC6Za9M2PG6w8j7UQRfzxqn8jU2VwFxo3Q==

postcss-discard-unused@^5.0.1:
  version "5.0.1"
  resolved "https://registry.yarnpkg.com/postcss-discard-unused/-/postcss-discard-unused-5.0.1.tgz#63e35a74a154912f93d4e75a1e6ff3cc146f934b"
  integrity sha512-tD6xR/xyZTwfhKYRw0ylfCY8wbfhrjpKAMnDKRTLMy2fNW5hl0hoV6ap5vo2JdCkuHkP3CHw72beO4Y8pzFdww==
  dependencies:
    postcss-selector-parser "^6.0.5"

postcss-merge-idents@^5.0.1:
  version "5.0.1"
  resolved "https://registry.yarnpkg.com/postcss-merge-idents/-/postcss-merge-idents-5.0.1.tgz#6b5856fc28f2571f28ecce49effb9b0e64be9437"
  integrity sha512-xu8ueVU0RszbI2gKkxR6mluupsOSSLvt8q4gA2fcKFkA+x6SlH3cb4cFHpDvcRCNFbUmCR/VUub+Y6zPOjPx+Q==
  dependencies:
    cssnano-utils "^2.0.1"
    postcss-value-parser "^4.1.0"

postcss-merge-longhand@^5.0.2:
  version "5.0.2"
  resolved "https://registry.yarnpkg.com/postcss-merge-longhand/-/postcss-merge-longhand-5.0.2.tgz#277ada51d9a7958e8ef8cf263103c9384b322a41"
  integrity sha512-BMlg9AXSI5G9TBT0Lo/H3PfUy63P84rVz3BjCFE9e9Y9RXQZD3+h3YO1kgTNsNJy7bBc1YQp8DmSnwLIW5VPcw==
  dependencies:
    css-color-names "^1.0.1"
    postcss-value-parser "^4.1.0"
    stylehacks "^5.0.1"

postcss-merge-rules@^5.0.1:
  version "5.0.1"
  resolved "https://registry.yarnpkg.com/postcss-merge-rules/-/postcss-merge-rules-5.0.1.tgz#4ff61c5089d86845184a0f149e88d687028bef7e"
  integrity sha512-UR6R5Ph0c96QB9TMBH3ml8/kvPCThPHepdhRqAbvMRDRHQACPC8iM5NpfIC03+VRMZTGXy4L/BvFzcDFCgb+fA==
  dependencies:
    browserslist "^4.16.0"
    caniuse-api "^3.0.0"
    cssnano-utils "^2.0.1"
    postcss-selector-parser "^6.0.5"
    vendors "^1.0.3"

postcss-minify-font-values@^5.0.1:
  version "5.0.1"
  resolved "https://registry.yarnpkg.com/postcss-minify-font-values/-/postcss-minify-font-values-5.0.1.tgz#a90cefbfdaa075bd3dbaa1b33588bb4dc268addf"
  integrity sha512-7JS4qIsnqaxk+FXY1E8dHBDmraYFWmuL6cgt0T1SWGRO5bzJf8sUoelwa4P88LEWJZweHevAiDKxHlofuvtIoA==
  dependencies:
    postcss-value-parser "^4.1.0"

postcss-minify-gradients@^5.0.1:
  version "5.0.1"
  resolved "https://registry.yarnpkg.com/postcss-minify-gradients/-/postcss-minify-gradients-5.0.1.tgz#2dc79fd1a1afcb72a9e727bc549ce860f93565d2"
  integrity sha512-odOwBFAIn2wIv+XYRpoN2hUV3pPQlgbJ10XeXPq8UY2N+9ZG42xu45lTn/g9zZ+d70NKSQD6EOi6UiCMu3FN7g==
  dependencies:
    cssnano-utils "^2.0.1"
    is-color-stop "^1.1.0"
    postcss-value-parser "^4.1.0"

postcss-minify-params@^5.0.1:
  version "5.0.1"
  resolved "https://registry.yarnpkg.com/postcss-minify-params/-/postcss-minify-params-5.0.1.tgz#371153ba164b9d8562842fdcd929c98abd9e5b6c"
  integrity sha512-4RUC4k2A/Q9mGco1Z8ODc7h+A0z7L7X2ypO1B6V8057eVK6mZ6xwz6QN64nHuHLbqbclkX1wyzRnIrdZehTEHw==
  dependencies:
    alphanum-sort "^1.0.2"
    browserslist "^4.16.0"
    cssnano-utils "^2.0.1"
    postcss-value-parser "^4.1.0"
    uniqs "^2.0.0"

postcss-minify-selectors@^5.1.0:
  version "5.1.0"
  resolved "https://registry.yarnpkg.com/postcss-minify-selectors/-/postcss-minify-selectors-5.1.0.tgz#4385c845d3979ff160291774523ffa54eafd5a54"
  integrity sha512-NzGBXDa7aPsAcijXZeagnJBKBPMYLaJJzB8CQh6ncvyl2sIndLVWfbcDi0SBjRWk5VqEjXvf8tYwzoKf4Z07og==
  dependencies:
    alphanum-sort "^1.0.2"
    postcss-selector-parser "^6.0.5"

postcss-normalize-charset@^5.0.1:
  version "5.0.1"
  resolved "https://registry.yarnpkg.com/postcss-normalize-charset/-/postcss-normalize-charset-5.0.1.tgz#121559d1bebc55ac8d24af37f67bd4da9efd91d0"
  integrity sha512-6J40l6LNYnBdPSk+BHZ8SF+HAkS4q2twe5jnocgd+xWpz/mx/5Sa32m3W1AA8uE8XaXN+eg8trIlfu8V9x61eg==

postcss-normalize-display-values@^5.0.1:
  version "5.0.1"
  resolved "https://registry.yarnpkg.com/postcss-normalize-display-values/-/postcss-normalize-display-values-5.0.1.tgz#62650b965981a955dffee83363453db82f6ad1fd"
  integrity sha512-uupdvWk88kLDXi5HEyI9IaAJTE3/Djbcrqq8YgjvAVuzgVuqIk3SuJWUisT2gaJbZm1H9g5k2w1xXilM3x8DjQ==
  dependencies:
    cssnano-utils "^2.0.1"
    postcss-value-parser "^4.1.0"

postcss-normalize-positions@^5.0.1:
  version "5.0.1"
  resolved "https://registry.yarnpkg.com/postcss-normalize-positions/-/postcss-normalize-positions-5.0.1.tgz#868f6af1795fdfa86fbbe960dceb47e5f9492fe5"
  integrity sha512-rvzWAJai5xej9yWqlCb1OWLd9JjW2Ex2BCPzUJrbaXmtKtgfL8dBMOOMTX6TnvQMtjk3ei1Lswcs78qKO1Skrg==
  dependencies:
    postcss-value-parser "^4.1.0"

postcss-normalize-repeat-style@^5.0.1:
  version "5.0.1"
  resolved "https://registry.yarnpkg.com/postcss-normalize-repeat-style/-/postcss-normalize-repeat-style-5.0.1.tgz#cbc0de1383b57f5bb61ddd6a84653b5e8665b2b5"
  integrity sha512-syZ2itq0HTQjj4QtXZOeefomckiV5TaUO6ReIEabCh3wgDs4Mr01pkif0MeVwKyU/LHEkPJnpwFKRxqWA/7O3w==
  dependencies:
    cssnano-utils "^2.0.1"
    postcss-value-parser "^4.1.0"

postcss-normalize-string@^5.0.1:
  version "5.0.1"
  resolved "https://registry.yarnpkg.com/postcss-normalize-string/-/postcss-normalize-string-5.0.1.tgz#d9eafaa4df78c7a3b973ae346ef0e47c554985b0"
  integrity sha512-Ic8GaQ3jPMVl1OEn2U//2pm93AXUcF3wz+OriskdZ1AOuYV25OdgS7w9Xu2LO5cGyhHCgn8dMXh9bO7vi3i9pA==
  dependencies:
    postcss-value-parser "^4.1.0"

postcss-normalize-timing-functions@^5.0.1:
  version "5.0.1"
  resolved "https://registry.yarnpkg.com/postcss-normalize-timing-functions/-/postcss-normalize-timing-functions-5.0.1.tgz#8ee41103b9130429c6cbba736932b75c5e2cb08c"
  integrity sha512-cPcBdVN5OsWCNEo5hiXfLUnXfTGtSFiBU9SK8k7ii8UD7OLuznzgNRYkLZow11BkQiiqMcgPyh4ZqXEEUrtQ1Q==
  dependencies:
    cssnano-utils "^2.0.1"
    postcss-value-parser "^4.1.0"

postcss-normalize-unicode@^5.0.1:
  version "5.0.1"
  resolved "https://registry.yarnpkg.com/postcss-normalize-unicode/-/postcss-normalize-unicode-5.0.1.tgz#82d672d648a411814aa5bf3ae565379ccd9f5e37"
  integrity sha512-kAtYD6V3pK0beqrU90gpCQB7g6AOfP/2KIPCVBKJM2EheVsBQmx/Iof+9zR9NFKLAx4Pr9mDhogB27pmn354nA==
  dependencies:
    browserslist "^4.16.0"
    postcss-value-parser "^4.1.0"

postcss-normalize-url@^5.0.1:
  version "5.0.1"
  resolved "https://registry.yarnpkg.com/postcss-normalize-url/-/postcss-normalize-url-5.0.1.tgz#ffa9fe545935d8b57becbbb7934dd5e245513183"
  integrity sha512-hkbG0j58Z1M830/CJ73VsP7gvlG1yF+4y7Fd1w4tD2c7CaA2Psll+pQ6eQhth9y9EaqZSLzamff/D0MZBMbYSg==
  dependencies:
    is-absolute-url "^3.0.3"
    normalize-url "^4.5.0"
    postcss-value-parser "^4.1.0"

postcss-normalize-whitespace@^5.0.1:
  version "5.0.1"
  resolved "https://registry.yarnpkg.com/postcss-normalize-whitespace/-/postcss-normalize-whitespace-5.0.1.tgz#b0b40b5bcac83585ff07ead2daf2dcfbeeef8e9a"
  integrity sha512-iPklmI5SBnRvwceb/XH568yyzK0qRVuAG+a1HFUsFRf11lEJTiQQa03a4RSCQvLKdcpX7XsI1Gen9LuLoqwiqA==
  dependencies:
    postcss-value-parser "^4.1.0"

postcss-ordered-values@^5.0.1:
  version "5.0.1"
  resolved "https://registry.yarnpkg.com/postcss-ordered-values/-/postcss-ordered-values-5.0.1.tgz#79ef6e2bd267ccad3fc0c4f4a586dfd01c131f64"
  integrity sha512-6mkCF5BQ25HvEcDfrMHCLLFHlraBSlOXFnQMHYhSpDO/5jSR1k8LdEXOkv+7+uzW6o6tBYea1Km0wQSRkPJkwA==
  dependencies:
    cssnano-utils "^2.0.1"
    postcss-value-parser "^4.1.0"

postcss-reduce-idents@^5.0.1:
  version "5.0.1"
  resolved "https://registry.yarnpkg.com/postcss-reduce-idents/-/postcss-reduce-idents-5.0.1.tgz#99b49ce8ee6f9c179447671cc9693e198e877bb7"
  integrity sha512-6Rw8iIVFbqtaZExgWK1rpVgP7DPFRPh0DDFZxJ/ADNqPiH10sPCoq5tgo6kLiTyfh9sxjKYjXdc8udLEcPOezg==
  dependencies:
    postcss-value-parser "^4.1.0"

postcss-reduce-initial@^5.0.1:
  version "5.0.1"
  resolved "https://registry.yarnpkg.com/postcss-reduce-initial/-/postcss-reduce-initial-5.0.1.tgz#9d6369865b0f6f6f6b165a0ef5dc1a4856c7e946"
  integrity sha512-zlCZPKLLTMAqA3ZWH57HlbCjkD55LX9dsRyxlls+wfuRfqCi5mSlZVan0heX5cHr154Dq9AfbH70LyhrSAezJw==
  dependencies:
    browserslist "^4.16.0"
    caniuse-api "^3.0.0"

postcss-reduce-transforms@^5.0.1:
  version "5.0.1"
  resolved "https://registry.yarnpkg.com/postcss-reduce-transforms/-/postcss-reduce-transforms-5.0.1.tgz#93c12f6a159474aa711d5269923e2383cedcf640"
  integrity sha512-a//FjoPeFkRuAguPscTVmRQUODP+f3ke2HqFNgGPwdYnpeC29RZdCBvGRGTsKpMURb/I3p6jdKoBQ2zI+9Q7kA==
  dependencies:
    cssnano-utils "^2.0.1"
    postcss-value-parser "^4.1.0"

postcss-selector-parser@^6.0.2, postcss-selector-parser@^6.0.4, postcss-selector-parser@^6.0.5:
  version "6.0.6"
  resolved "https://registry.yarnpkg.com/postcss-selector-parser/-/postcss-selector-parser-6.0.6.tgz#2c5bba8174ac2f6981ab631a42ab0ee54af332ea"
  integrity sha512-9LXrvaaX3+mcv5xkg5kFwqSzSH1JIObIx51PrndZwlmznwXRfxMddDvo9gve3gVR8ZTKgoFDdWkbRFmEhT4PMg==
  dependencies:
    cssesc "^3.0.0"
    util-deprecate "^1.0.2"

postcss-svgo@^5.0.1:
  version "5.0.1"
  resolved "https://registry.yarnpkg.com/postcss-svgo/-/postcss-svgo-5.0.1.tgz#6ed5e01e164e59204978994d844c653a331a8100"
  integrity sha512-cD7DFo6tF9i5eWvwtI4irKOHCpmASFS0xvZ5EQIgEdA1AWfM/XiHHY/iss0gcKHhkqwgYmuo2M0KhJLd5Us6mg==
  dependencies:
    postcss-value-parser "^4.1.0"
    svgo "^2.3.0"

postcss-unique-selectors@^5.0.1:
  version "5.0.1"
  resolved "https://registry.yarnpkg.com/postcss-unique-selectors/-/postcss-unique-selectors-5.0.1.tgz#3be5c1d7363352eff838bd62b0b07a0abad43bfc"
  integrity sha512-gwi1NhHV4FMmPn+qwBNuot1sG1t2OmacLQ/AX29lzyggnjd+MnVD5uqQmpXO3J17KGL2WAxQruj1qTd3H0gG/w==
  dependencies:
    alphanum-sort "^1.0.2"
    postcss-selector-parser "^6.0.5"
    uniqs "^2.0.0"

postcss-value-parser@^4.0.2, postcss-value-parser@^4.1.0:
  version "4.1.0"
  resolved "https://registry.yarnpkg.com/postcss-value-parser/-/postcss-value-parser-4.1.0.tgz#443f6a20ced6481a2bda4fa8532a6e55d789a2cb"
  integrity sha512-97DXOFbQJhk71ne5/Mt6cOu6yxsSfM0QGQyl0L25Gca4yGWEGJaig7l7gbCX623VqTBNGLRLaVUCnNkcedlRSQ==

postcss-zindex@^5.0.1:
  version "5.0.1"
  resolved "https://registry.yarnpkg.com/postcss-zindex/-/postcss-zindex-5.0.1.tgz#c585724beb69d356af8c7e68847b28d6298ece03"
  integrity sha512-nwgtJJys+XmmSGoYCcgkf/VczP8Mp/0OfSv3v0+fw0uABY4yxw+eFs0Xp9nAZHIKnS5j+e9ywQ+RD+ONyvl5pA==

postcss@^8.2.15:
  version "8.2.15"
  resolved "https://registry.yarnpkg.com/postcss/-/postcss-8.2.15.tgz#9e66ccf07292817d226fc315cbbf9bc148fbca65"
  integrity sha512-2zO3b26eJD/8rb106Qu2o7Qgg52ND5HPjcyQiK2B98O388h43A448LCslC0dI2P97wCAQRJsFvwTRcXxTKds+Q==
  dependencies:
    colorette "^1.2.2"
    nanoid "^3.1.23"
    source-map "^0.6.1"

rgb-regex@^1.0.1:
  version "1.0.1"
  resolved "https://registry.yarnpkg.com/rgb-regex/-/rgb-regex-1.0.1.tgz#c0e0d6882df0e23be254a475e8edd41915feaeb1"
  integrity sha1-wODWiC3w4jviVKR16O3UGRX+rrE=

rgba-regex@^1.0.0:
  version "1.0.0"
  resolved "https://registry.yarnpkg.com/rgba-regex/-/rgba-regex-1.0.0.tgz#43374e2e2ca0968b0ef1523460b7d730ff22eeb3"
  integrity sha1-QzdOLiyglosO8VI0YLfXMP8i7rM=

source-map@^0.6.1:
  version "0.6.1"
  resolved "https://registry.yarnpkg.com/source-map/-/source-map-0.6.1.tgz#74722af32e9614e9c287a8d0bbde48b5e2f1a263"
  integrity sha512-UjgapumWlbMhkBgzT7Ykc5YXUT46F0iKu8SGXq0bcwP5dz/h0Plj6enJqjz1Zbq2l5WaqYnrVbwWOWMyF3F47g==

stable@^0.1.8:
  version "0.1.8"
  resolved "https://registry.yarnpkg.com/stable/-/stable-0.1.8.tgz#836eb3c8382fe2936feaf544631017ce7d47a3cf"
  integrity sha512-ji9qxRnOVfcuLDySj9qzhGSEFVobyt1kIOSkj1qZzYLzq7Tos/oUUWvotUPQLlrsidqsK6tBH89Bc9kL5zHA6w==

stylehacks@^5.0.1:
  version "5.0.1"
  resolved "https://registry.yarnpkg.com/stylehacks/-/stylehacks-5.0.1.tgz#323ec554198520986806388c7fdaebc38d2c06fb"
  integrity sha512-Es0rVnHIqbWzveU1b24kbw92HsebBepxfcqe5iix7t9j0PQqhs0IxXVXv0pY2Bxa08CgMkzD6OWql7kbGOuEdA==
  dependencies:
    browserslist "^4.16.0"
    postcss-selector-parser "^6.0.4"

supports-color@^7.1.0:
  version "7.2.0"
  resolved "https://registry.yarnpkg.com/supports-color/-/supports-color-7.2.0.tgz#1b7dcdcb32b8138801b3e478ba6a51caa89648da"
  integrity sha512-qpCAvRl9stuOHveKsn7HncJRvv501qIacKzQlO/+Lwxc9+0q2wLyv4Dfvt80/DPn2pqOBsJdDiogXGR9+OvwRw==
  dependencies:
    has-flag "^4.0.0"

svgo@^2.3.0:
  version "2.3.0"
  resolved "https://registry.yarnpkg.com/svgo/-/svgo-2.3.0.tgz#6b3af81d0cbd1e19c83f5f63cec2cb98c70b5373"
  integrity sha512-fz4IKjNO6HDPgIQxu4IxwtubtbSfGEAJUq/IXyTPIkGhWck/faiiwfkvsB8LnBkKLvSoyNNIY6d13lZprJMc9Q==
  dependencies:
    "@trysound/sax" "0.1.1"
    chalk "^4.1.0"
    commander "^7.1.0"
    css-select "^3.1.2"
    css-tree "^1.1.2"
    csso "^4.2.0"
    stable "^0.1.8"

timsort@^0.3.0:
  version "0.3.0"
  resolved "https://registry.yarnpkg.com/timsort/-/timsort-0.3.0.tgz#405411a8e7e6339fe64db9a234de11dc31e02bd4"
  integrity sha1-QFQRqOfmM5/mTbmiNN4R3DHgK9Q=

uniqs@^2.0.0:
  version "2.0.0"
  resolved "https://registry.yarnpkg.com/uniqs/-/uniqs-2.0.0.tgz#ffede4b36b25290696e6e165d4a59edb998e6b02"
  integrity sha1-/+3ks2slKQaW5uFl1KWe25mOawI=

util-deprecate@^1.0.2:
  version "1.0.2"
  resolved "https://registry.yarnpkg.com/util-deprecate/-/util-deprecate-1.0.2.tgz#450d4dc9fa70de732762fbd2d4a28981419a0ccf"
  integrity sha1-RQ1Nyfpw3nMnYvvS1KKJgUGaDM8=

vendors@^1.0.3:
  version "1.0.4"
  resolved "https://registry.yarnpkg.com/vendors/-/vendors-1.0.4.tgz#e2b800a53e7a29b93506c3cf41100d16c4c4ad8e"
  integrity sha512-/juG65kTL4Cy2su4P8HjtkTxk6VmJDiOPBufWniqQ6wknac6jNiXS9vU+hO3wgusiyqWlzTbVHi0dyJqRONg3w==
