# THIS IS AN AUTOGENERATED FILE. DO NOT EDIT THIS FILE DIRECTLY.
# yarn lockfile v1


"@babel/code-frame@^7.0.0":
  version "7.12.11"
  resolved "https://registry.yarnpkg.com/@babel/code-frame/-/code-frame-7.12.11.tgz#f4ad435aa263db935b8f10f2c552d23fb716a63f"
  integrity sha512-Zt1yodBx1UcyiePMSkWnU4hPqhwq7hGi2nFL1LeA3EUl+q2LQx16MISgJ0+z7dnmgvP9QtIleuETGOiOH1RcIw==
  dependencies:
    "@babel/highlight" "^7.10.4"

"@babel/helper-validator-identifier@^7.10.4":
  version "7.12.11"
  resolved "https://registry.yarnpkg.com/@babel/helper-validator-identifier/-/helper-validator-identifier-7.12.11.tgz#c9a1f021917dcb5ccf0d4e453e399022981fc9ed"
  integrity sha512-np/lG3uARFybkoHokJUmf1QfEvRVCPbmQeUQpKow5cQ3xWrV9i3rUHodKDJPQfTVX61qKi+UdYk8kik84n7XOw==

"@babel/highlight@^7.10.4":
  version "7.10.4"
  resolved "https://registry.yarnpkg.com/@babel/highlight/-/highlight-7.10.4.tgz#7d1bdfd65753538fabe6c38596cdb76d9ac60143"
  integrity sha512-i6rgnR/YgPEQzZZnbTHHuZdlE8qyoBNalD6F+q4vAFlcMEcqmkoG+mPqJYJCo63qPf74+Y1UZsl3l6f7/RIkmA==
  dependencies:
    "@babel/helper-validator-identifier" "^7.10.4"
    chalk "^2.0.0"
    js-tokens "^4.0.0"

"@trysound/sax@0.1.1":
  version "0.1.1"
  resolved "https://registry.yarnpkg.com/@trysound/sax/-/sax-0.1.1.tgz#3348564048e7a2d7398c935d466c0414ebb6a669"
  integrity sha512-Z6DoceYb/1xSg5+e+ZlPZ9v0N16ZvZ+wYMraFue4HYrE4ttONKtsvruIRf6t9TBR0YvSOfi1hUU0fJfBLCDYow==

"@types/parse-json@^4.0.0":
  version "4.0.0"
  resolved "https://registry.yarnpkg.com/@types/parse-json/-/parse-json-4.0.0.tgz#2f8bb441434d163b35fb8ffdccd7138927ffb8c0"
  integrity sha512-//oorEZjL6sbPcKUaCdIGlIUeH26mgzimjBB77G6XRgnDl/L5wOnpyBGRe/Mmf5CVW3PwEBE1NjiMZ/ssFh4wA==

alphanum-sort@^1.0.2:
  version "1.0.2"
  resolved "https://registry.yarnpkg.com/alphanum-sort/-/alphanum-sort-1.0.2.tgz#97a1119649b211ad33691d9f9f486a8ec9fbe0a3"
  integrity sha1-l6ERlkmyEa0zaR2fn0hqjsn74KM=

ansi-styles@^3.2.1:
  version "3.2.1"
  resolved "https://registry.yarnpkg.com/ansi-styles/-/ansi-styles-3.2.1.tgz#41fbb20243e50b12be0f04b8dedbf07520ce841d"
  integrity sha512-VT0ZI6kZRdTh8YyJw3SMbYm/u+NqfsAxEpWO0Pf9sq8/e94WxxOpPKx9FR1FlyCtOVDNOQ+8ntlqFxiRc+r5qA==
  dependencies:
    color-convert "^1.9.0"

ansi-styles@^4.1.0:
  version "4.3.0"
  resolved "https://registry.yarnpkg.com/ansi-styles/-/ansi-styles-4.3.0.tgz#edd803628ae71c04c85ae7a0906edad34b648937"
  integrity sha512-zbB9rCJAT1rbjiVDb2hqKFHNYLxgtk8NURxZ3IZwD3F6NtxbXZQCnnSi1Lkx+IDohdPlFp222wVALIheZJQSEg==
  dependencies:
    color-convert "^2.0.1"

autoprefixer@^10.0.2:
  version "10.1.0"
  resolved "https://registry.yarnpkg.com/autoprefixer/-/autoprefixer-10.1.0.tgz#b19fd8524edef8c85c9db3bdb0c998de84e172fb"
  integrity sha512-0/lBNwN+ZUnb5su18NZo5MBIjDaq6boQKZcxwy86Gip/CmXA2zZqUoFQLCNAGI5P25ZWSP2RWdhDJ8osfKEjoQ==
  dependencies:
    browserslist "^4.15.0"
    caniuse-lite "^1.0.30001165"
    colorette "^1.2.1"
    fraction.js "^4.0.12"
    normalize-range "^0.1.2"
    postcss-value-parser "^4.1.0"

boolbase@^1.0.0:
  version "1.0.0"
  resolved "https://registry.yarnpkg.com/boolbase/-/boolbase-1.0.0.tgz#68dff5fbe60c51eb37725ea9e3ed310dcc1e776e"
  integrity sha1-aN/1++YMUes3cl6p4+0xDcwed24=

browserslist@^4.0.0, browserslist@^4.16.0:
  version "4.16.6"
  resolved "https://registry.yarnpkg.com/browserslist/-/browserslist-4.16.6.tgz#d7901277a5a88e554ed305b183ec9b0c08f66fa2"
  integrity sha512-Wspk/PqO+4W9qp5iUTJsa1B/QrYn1keNCcEP5OvP7WBwT4KaDly0uONYmC6Xa3Z5IqnUgS0KcgLYu1l74x0ZXQ==
  dependencies:
    caniuse-lite "^1.0.30001219"
    colorette "^1.2.2"
    electron-to-chromium "^1.3.723"
    escalade "^3.1.1"
    node-releases "^1.1.71"

browserslist@^4.15.0:
  version "4.16.0"
  resolved "https://registry.yarnpkg.com/browserslist/-/browserslist-4.16.0.tgz#410277627500be3cb28a1bfe037586fbedf9488b"
  integrity sha512-/j6k8R0p3nxOC6kx5JGAxsnhc9ixaWJfYc+TNTzxg6+ARaESAvQGV7h0uNOB4t+pLQJZWzcrMxXOxjgsCj3dqQ==
  dependencies:
    caniuse-lite "^1.0.30001165"
    colorette "^1.2.1"
    electron-to-chromium "^1.3.621"
    escalade "^3.1.1"
    node-releases "^1.1.67"

callsites@^3.0.0:
  version "3.1.0"
  resolved "https://registry.yarnpkg.com/callsites/-/callsites-3.1.0.tgz#b3630abd8943432f54b3f0519238e33cd7df2f73"
  integrity sha512-P8BjAsXvZS+VIDUI11hHCQEv74YT67YUi5JJFNWIqL235sBmjX4+qx9Muvls5ivyNENctx46xQLQ3aTuE7ssaQ==

caniuse-api@^3.0.0:
  version "3.0.0"
  resolved "https://registry.yarnpkg.com/caniuse-api/-/caniuse-api-3.0.0.tgz#5e4d90e2274961d46291997df599e3ed008ee4c0"
  integrity sha512-bsTwuIg/BZZK/vreVTYYbSWoe2F+71P7K5QGEX+pT250DZbfU1MQ5prOKpPR+LL6uWKK3KMwMCAS74QB3Um1uw==
  dependencies:
    browserslist "^4.0.0"
    caniuse-lite "^1.0.0"
    lodash.memoize "^4.1.2"
    lodash.uniq "^4.5.0"

caniuse-lite@^1.0.0, caniuse-lite@^1.0.30001219:
  version "1.0.30001228"
  resolved "https://registry.yarnpkg.com/caniuse-lite/-/caniuse-lite-1.0.30001228.tgz#bfdc5942cd3326fa51ee0b42fbef4da9d492a7fa"
  integrity sha512-QQmLOGJ3DEgokHbMSA8cj2a+geXqmnpyOFT0lhQV6P3/YOJvGDEwoedcwxEQ30gJIwIIunHIicunJ2rzK5gB2A==

caniuse-lite@^1.0.30001165:
  version "1.0.30001170"
  resolved "https://registry.yarnpkg.com/caniuse-lite/-/caniuse-lite-1.0.30001170.tgz#0088bfecc6a14694969e391cc29d7eb6362ca6a7"
  integrity sha512-Dd4d/+0tsK0UNLrZs3CvNukqalnVTRrxb5mcQm8rHL49t7V5ZaTygwXkrq+FB+dVDf++4ri8eJnFEJAB8332PA==

chalk@^2.0.0:
  version "2.4.2"
  resolved "https://registry.yarnpkg.com/chalk/-/chalk-2.4.2.tgz#cd42541677a54333cf541a49108c1432b44c9424"
  integrity sha512-Mti+f9lpJNcwF4tWV8/OrTTtF1gZi+f8FqlyAdouralcFWFQWF2+NgCHShjkCb+IFBLq9buZwE1xckQU4peSuQ==
  dependencies:
    ansi-styles "^3.2.1"
    escape-string-regexp "^1.0.5"
    supports-color "^5.3.0"

chalk@^4.1.0:
  version "4.1.1"
  resolved "https://registry.yarnpkg.com/chalk/-/chalk-4.1.1.tgz#c80b3fab28bf6371e6863325eee67e618b77e6ad"
  integrity sha512-diHzdDKxcU+bAsUboHLPEDQiw0qEe0qd7SYUn3HgcFlWgbDcfLGswOHYeGrHKzG9z6UYf01d9VFMfZxPM1xZSg==
  dependencies:
    ansi-styles "^4.1.0"
    supports-color "^7.1.0"

color-convert@^1.9.0, color-convert@^1.9.1:
  version "1.9.3"
  resolved "https://registry.yarnpkg.com/color-convert/-/color-convert-1.9.3.tgz#bb71850690e1f136567de629d2d5471deda4c1e8"
  integrity sha512-QfAUtd+vFdAtFQcC8CCyYt1fYWxSqAiK2cSD6zDB8N3cpsEBAvRxp9zOGg6G/SHHJYAT88/az/IuDGALsNVbGg==
  dependencies:
    color-name "1.1.3"

color-convert@^2.0.1:
  version "2.0.1"
  resolved "https://registry.yarnpkg.com/color-convert/-/color-convert-2.0.1.tgz#72d3a68d598c9bdb3af2ad1e84f21d896abd4de3"
  integrity sha512-RRECPsj7iu/xb5oKYcsFHSppFNnsj/52OVTRKb4zP5onXwVF3zVmmToNcOfGC+CRDpfK/U584fMg38ZHCaElKQ==
  dependencies:
    color-name "~1.1.4"

color-name@1.1.3:
  version "1.1.3"
  resolved "https://registry.yarnpkg.com/color-name/-/color-name-1.1.3.tgz#a7d0558bd89c42f795dd42328f740831ca53bc25"
  integrity sha1-p9BVi9icQveV3UIyj3QIMcpTvCU=

color-name@^1.0.0, color-name@~1.1.4:
  version "1.1.4"
  resolved "https://registry.yarnpkg.com/color-name/-/color-name-1.1.4.tgz#c2a09a87acbde69543de6f63fa3995c826c536a2"
  integrity sha512-dOy+3AuW3a2wNbZHIuMZpTcgjGuLU/uBL/ubcZF9OXbDo8ff4O8yVp5Bf0efS8uEoYo5q4Fx7dY9OgQGXgAsQA==

color-string@^1.5.4:
  version "1.5.5"
  resolved "https://registry.yarnpkg.com/color-string/-/color-string-1.5.5.tgz#65474a8f0e7439625f3d27a6a19d89fc45223014"
  integrity sha512-jgIoum0OfQfq9Whcfc2z/VhCNcmQjWbey6qBX0vqt7YICflUmBCh9E9CiQD5GSJ+Uehixm3NUwHVhqUAWRivZg==
  dependencies:
    color-name "^1.0.0"
    simple-swizzle "^0.2.2"

color@^3.1.1:
  version "3.1.3"
  resolved "https://registry.yarnpkg.com/color/-/color-3.1.3.tgz#ca67fb4e7b97d611dcde39eceed422067d91596e"
  integrity sha512-xgXAcTHa2HeFCGLE9Xs/R82hujGtu9Jd9x4NW3T34+OMs7VoPsjwzRczKHvTAHeJwWFwX5j15+MgAppE8ztObQ==
  dependencies:
    color-convert "^1.9.1"
    color-string "^1.5.4"

colorette@^1.2.1, colorette@^1.2.2:
  version "1.2.2"
  resolved "https://registry.yarnpkg.com/colorette/-/colorette-1.2.2.tgz#cbcc79d5e99caea2dbf10eb3a26fd8b3e6acfa94"
  integrity sha512-MKGMzyfeuutC/ZJ1cba9NqcNpfeqMUcYmyF1ZFY6/Cn7CNSAKx6a+s48sqLqyAiZuaP2TcqMhoo+dlwFnVxT9w==

commander@^7.1.0:
  version "7.2.0"
  resolved "https://registry.yarnpkg.com/commander/-/commander-7.2.0.tgz#a36cb57d0b501ce108e4d20559a150a391d97ab7"
  integrity sha512-QrWXB+ZQSVPmIWIhtEO9H+gwHaMGYiF5ChvoJ+K9ZGHG/sVsa6yiesAD1GC/x46sET00Xlwo1u49RVVVzvcSkw==

cosmiconfig@^7.0.0:
  version "7.0.0"
  resolved "https://registry.yarnpkg.com/cosmiconfig/-/cosmiconfig-7.0.0.tgz#ef9b44d773959cae63ddecd122de23853b60f8d3"
  integrity sha512-pondGvTuVYDk++upghXJabWzL6Kxu6f26ljFw64Swq9v6sQPUL3EUlVDV56diOjpCayKihL6hVe8exIACU4XcA==
  dependencies:
    "@types/parse-json" "^4.0.0"
    import-fresh "^3.2.1"
    parse-json "^5.0.0"
    path-type "^4.0.0"
    yaml "^1.10.0"

css-color-names@^0.0.4:
  version "0.0.4"
  resolved "https://registry.yarnpkg.com/css-color-names/-/css-color-names-0.0.4.tgz#808adc2e79cf84738069b646cb20ec27beb629e0"
  integrity sha1-gIrcLnnPhHOAabZGyyDsJ762KeA=

css-color-names@^1.0.1:
  version "1.0.1"
  resolved "https://registry.yarnpkg.com/css-color-names/-/css-color-names-1.0.1.tgz#6ff7ee81a823ad46e020fa2fd6ab40a887e2ba67"
  integrity sha512-/loXYOch1qU1biStIFsHH8SxTmOseh1IJqFvy8IujXOm1h+QjUdDhkzOrR5HG8K8mlxREj0yfi8ewCHx0eMxzA==

css-declaration-sorter@6.0.0:
  version "6.0.0"
  resolved "https://registry.yarnpkg.com/css-declaration-sorter/-/css-declaration-sorter-6.0.0.tgz#eb21f75860078627e9e3cc6f5535ccfcea445817"
  integrity sha512-S0TE4E0ha5+tBHdLWPc5n+S8E4dFBS5xScPvgHkLNZwWvX4ISoFGhGeerLC9uS1cKA/sC+K2wHq6qEbcagT/fg==
  dependencies:
    timsort "^0.3.0"

css-select@^3.1.2:
  version "3.1.2"
  resolved "https://registry.yarnpkg.com/css-select/-/css-select-3.1.2.tgz#d52cbdc6fee379fba97fb0d3925abbd18af2d9d8"
  integrity sha512-qmss1EihSuBNWNNhHjxzxSfJoFBM/lERB/Q4EnsJQQC62R2evJDW481091oAdOr9uh46/0n4nrg0It5cAnj1RA==
  dependencies:
    boolbase "^1.0.0"
    css-what "^4.0.0"
    domhandler "^4.0.0"
    domutils "^2.4.3"
    nth-check "^2.0.0"

css-tree@^1.1.2:
  version "1.1.3"
  resolved "https://registry.yarnpkg.com/css-tree/-/css-tree-1.1.3.tgz#eb4870fb6fd7707327ec95c2ff2ab09b5e8db91d"
  integrity sha512-tRpdppF7TRazZrjJ6v3stzv93qxRcSsFmW6cX0Zm2NVKpxE1WV1HblnghVv9TreireHkqI/VDEsfolRF1p6y7Q==
  dependencies:
    mdn-data "2.0.14"
    source-map "^0.6.1"

css-what@^4.0.0:
  version "4.0.0"
  resolved "https://registry.yarnpkg.com/css-what/-/css-what-4.0.0.tgz#35e73761cab2eeb3d3661126b23d7aa0e8432233"
  integrity sha512-teijzG7kwYfNVsUh2H/YN62xW3KK9YhXEgSlbxMlcyjPNvdKJqFx5lrwlJgoFP1ZHlB89iGDlo/JyshKeRhv5A==

cssesc@^3.0.0:
  version "3.0.0"
  resolved "https://registry.yarnpkg.com/cssesc/-/cssesc-3.0.0.tgz#37741919903b868565e1c09ea747445cd18983ee"
  integrity sha512-/Tb/JcjK111nNScGob5MNtsntNM1aCNUDipB/TkwZFhyDrrE47SOx/18wF2bbjgc3ZzCSKW1T5nt5EbFoAz/Vg==

cssnano-preset-default@^5.0.1:
  version "5.0.1"
  resolved "https://registry.yarnpkg.com/cssnano-preset-default/-/cssnano-preset-default-5.0.1.tgz#76adc00f7aae36ae80552b8356e21bec4b233ca2"
  integrity sha512-cfmfThYODGqhpQKDq9H0MTAqkMvZ3dGbOUTBKw0xWZiIycMqHid22LsJXJl4r1qX4qzDeKxcSyQ/Xb5Mu3Z//Q==
  dependencies:
    css-declaration-sorter "6.0.0"
    cssnano-utils "^2.0.0"
    postcss-calc "^8.0.0"
    postcss-colormin "^5.0.0"
    postcss-convert-values "^5.0.0"
    postcss-discard-comments "^5.0.0"
    postcss-discard-duplicates "^5.0.0"
    postcss-discard-empty "^5.0.0"
    postcss-discard-overridden "^5.0.0"
    postcss-merge-longhand "^5.0.1"
    postcss-merge-rules "^5.0.0"
    postcss-minify-font-values "^5.0.0"
    postcss-minify-gradients "^5.0.0"
    postcss-minify-params "^5.0.0"
    postcss-minify-selectors "^5.0.0"
    postcss-normalize-charset "^5.0.0"
    postcss-normalize-display-values "^5.0.0"
    postcss-normalize-positions "^5.0.0"
    postcss-normalize-repeat-style "^5.0.0"
    postcss-normalize-string "^5.0.0"
    postcss-normalize-timing-functions "^5.0.0"
    postcss-normalize-unicode "^5.0.0"
    postcss-normalize-url "^5.0.0"
    postcss-normalize-whitespace "^5.0.0"
    postcss-ordered-values "^5.0.0"
    postcss-reduce-initial "^5.0.0"
    postcss-reduce-transforms "^5.0.0"
    postcss-svgo "^5.0.0"
    postcss-unique-selectors "^5.0.0"

cssnano-utils@^2.0.0:
  version "2.0.0"
  resolved "https://registry.yarnpkg.com/cssnano-utils/-/cssnano-utils-2.0.0.tgz#b04baaa312aa3dd5a854b7f61d76b9d94be07f74"
  integrity sha512-xvxmTszdrvSyTACdPe8VU5J6p4sm3egpgw54dILvNqt5eBUv6TFjACLhSxtRuEsxYrgy8uDy269YjScO5aKbGA==

csso@^4.2.0:
  version "4.2.0"
  resolved "https://registry.yarnpkg.com/csso/-/csso-4.2.0.tgz#ea3a561346e8dc9f546d6febedd50187cf389529"
  integrity sha512-wvlcdIbf6pwKEk7vHj8/Bkc0B4ylXZruLvOgs9doS5eOsOpuodOV2zJChSpkp+pRpYQLQMeF04nr3Z68Sta9jA==
  dependencies:
    css-tree "^1.1.2"

dom-serializer@^1.0.1:
  version "1.3.1"
  resolved "https://registry.yarnpkg.com/dom-serializer/-/dom-serializer-1.3.1.tgz#d845a1565d7c041a95e5dab62184ab41e3a519be"
  integrity sha512-Pv2ZluG5ife96udGgEDovOOOA5UELkltfJpnIExPrAk1LTvecolUGn6lIaoLh86d83GiB86CjzciMd9BuRB71Q==
  dependencies:
    domelementtype "^2.0.1"
    domhandler "^4.0.0"
    entities "^2.0.0"

domelementtype@^2.0.1, domelementtype@^2.2.0:
  version "2.2.0"
  resolved "https://registry.yarnpkg.com/domelementtype/-/domelementtype-2.2.0.tgz#9a0b6c2782ed6a1c7323d42267183df9bd8b1d57"
  integrity sha512-DtBMo82pv1dFtUmHyr48beiuq792Sxohr+8Hm9zoxklYPfa6n0Z3Byjj2IV7bmr2IyqClnqEQhfgHJJ5QF0R5A==

domhandler@^4.0.0, domhandler@^4.2.0:
  version "4.2.0"
  resolved "https://registry.yarnpkg.com/domhandler/-/domhandler-4.2.0.tgz#f9768a5f034be60a89a27c2e4d0f74eba0d8b059"
  integrity sha512-zk7sgt970kzPks2Bf+dwT/PLzghLnsivb9CcxkvR8Mzr66Olr0Ofd8neSbglHJHaHa2MadfoSdNlKYAaafmWfA==
  dependencies:
    domelementtype "^2.2.0"

domutils@^2.4.3:
  version "2.6.0"
  resolved "https://registry.yarnpkg.com/domutils/-/domutils-2.6.0.tgz#2e15c04185d43fb16ae7057cb76433c6edb938b7"
  integrity sha512-y0BezHuy4MDYxh6OvolXYsH+1EMGmFbwv5FKW7ovwMG6zTPWqNPq3WF9ayZssFq+UlKdffGLbOEaghNdaOm1WA==
  dependencies:
    dom-serializer "^1.0.1"
    domelementtype "^2.2.0"
    domhandler "^4.2.0"

dot-prop@^5.2.0:
  version "5.3.0"
  resolved "https://registry.yarnpkg.com/dot-prop/-/dot-prop-5.3.0.tgz#90ccce708cd9cd82cc4dc8c3ddd9abdd55b20e88"
  integrity sha512-QM8q3zDe58hqUqjraQOmzZ1LIH9SWQJTlEKCH4kJ2oQvLZk7RbQXvtDM2XEq3fwkV9CCvvH4LA0AV+ogFsBM2Q==
  dependencies:
    is-obj "^2.0.0"

electron-to-chromium@^1.3.621:
  version "1.3.633"
  resolved "https://registry.yarnpkg.com/electron-to-chromium/-/electron-to-chromium-1.3.633.tgz#16dd5aec9de03894e8d14a1db4cda8a369b9b7fe"
  integrity sha512-bsVCsONiVX1abkWdH7KtpuDAhsQ3N3bjPYhROSAXE78roJKet0Y5wznA14JE9pzbwSZmSMAW6KiKYf1RvbTJkA==

electron-to-chromium@^1.3.723:
  version "1.3.727"
  resolved "https://registry.yarnpkg.com/electron-to-chromium/-/electron-to-chromium-1.3.727.tgz#857e310ca00f0b75da4e1db6ff0e073cc4a91ddf"
  integrity sha512-Mfz4FIB4FSvEwBpDfdipRIrwd6uo8gUDoRDF4QEYb4h4tSuI3ov594OrjU6on042UlFHouIJpClDODGkPcBSbg==

entities@^2.0.0:
  version "2.2.0"
  resolved "https://registry.yarnpkg.com/entities/-/entities-2.2.0.tgz#098dc90ebb83d8dffa089d55256b351d34c4da55"
  integrity sha512-p92if5Nz619I0w+akJrLZH0MX0Pb5DX39XOwQTtXSdQQOaYH03S1uIQp4mhOZtAXrxq4ViO67YTiLBo2638o9A==

error-ex@^1.3.1:
  version "1.3.2"
  resolved "https://registry.yarnpkg.com/error-ex/-/error-ex-1.3.2.tgz#b4ac40648107fdcdcfae242f428bea8a14d4f1bf"
  integrity sha512-7dFHNmqeFSEt2ZBsCriorKnn3Z2pj+fd9kmI6QoWw4//DL+icEBfc0U7qJCisqrTsKTjw4fNFy2pW9OqStD84g==
  dependencies:
    is-arrayish "^0.2.1"

escalade@^3.1.1:
  version "3.1.1"
  resolved "https://registry.yarnpkg.com/escalade/-/escalade-3.1.1.tgz#d8cfdc7000965c5a0174b4a82eaa5c0552742e40"
  integrity sha512-k0er2gUkLf8O0zKJiAhmkTnJlTvINGv7ygDNPbeIsX/TJjGJZHuh9B2UxbsaEkmlEo9MfhrSzmhIlhRlI2GXnw==

escape-string-regexp@^1.0.5:
  version "1.0.5"
  resolved "https://registry.yarnpkg.com/escape-string-regexp/-/escape-string-regexp-1.0.5.tgz#1b61c0562190a8dff6ae3bb2cf0200ca130b86d4"
  integrity sha1-G2HAViGQqN/2rjuyzwIAyhMLhtQ=

fraction.js@^4.0.12:
  version "4.0.13"
  resolved "https://registry.yarnpkg.com/fraction.js/-/fraction.js-4.0.13.tgz#3c1c315fa16b35c85fffa95725a36fa729c69dfe"
  integrity sha512-E1fz2Xs9ltlUp+qbiyx9wmt2n9dRzPsS11Jtdb8D2o+cC7wr9xkkKsVKJuBX0ST+LVS+LhLO+SbLJNtfWcJvXA==

has-flag@^3.0.0:
  version "3.0.0"
  resolved "https://registry.yarnpkg.com/has-flag/-/has-flag-3.0.0.tgz#b5d454dc2199ae225699f3467e5a07f3b955bafd"
  integrity sha1-tdRU3CGZriJWmfNGfloH87lVuv0=

has-flag@^4.0.0:
  version "4.0.0"
  resolved "https://registry.yarnpkg.com/has-flag/-/has-flag-4.0.0.tgz#944771fd9c81c81265c4d6941860da06bb59479b"
  integrity sha512-EykJT/Q1KjTWctppgIAgfSO0tKVuZUjhgMr17kqTumMl6Afv3EISleU7qZUzoXDFTAHTDC4NOoG/ZxU3EvlMPQ==

hex-color-regex@^1.1.0:
  version "1.1.0"
  resolved "https://registry.yarnpkg.com/hex-color-regex/-/hex-color-regex-1.1.0.tgz#4c06fccb4602fe2602b3c93df82d7e7dbf1a8a8e"
  integrity sha512-l9sfDFsuqtOqKDsQdqrMRk0U85RZc0RtOR9yPI7mRVOa4FsR/BVnZ0shmQRM96Ji99kYZP/7hn1cedc1+ApsTQ==

hsl-regex@^1.0.0:
  version "1.0.0"
  resolved "https://registry.yarnpkg.com/hsl-regex/-/hsl-regex-1.0.0.tgz#d49330c789ed819e276a4c0d272dffa30b18fe6e"
  integrity sha1-1JMwx4ntgZ4nakwNJy3/owsY/m4=

hsla-regex@^1.0.0:
  version "1.0.0"
  resolved "https://registry.yarnpkg.com/hsla-regex/-/hsla-regex-1.0.0.tgz#c1ce7a3168c8c6614033a4b5f7877f3b225f9c38"
  integrity sha1-wc56MWjIxmFAM6S194d/OyJfnDg=

import-fresh@^3.2.1:
  version "3.3.0"
  resolved "https://registry.yarnpkg.com/import-fresh/-/import-fresh-3.3.0.tgz#37162c25fcb9ebaa2e6e53d5b4d88ce17d9e0c2b"
  integrity sha512-veYYhQa+D1QBKznvhUHxb8faxlrwUnxseDAbAp457E0wLNio2bOSKnjYDhMj+YiAq61xrMGhQk9iXVk5FzgQMw==
  dependencies:
    parent-module "^1.0.0"
    resolve-from "^4.0.0"

indexes-of@^1.0.1:
  version "1.0.1"
  resolved "https://registry.yarnpkg.com/indexes-of/-/indexes-of-1.0.1.tgz#f30f716c8e2bd346c7b67d3df3915566a7c05607"
  integrity sha1-8w9xbI4r00bHtn0985FVZqfAVgc=

is-absolute-url@^3.0.3:
  version "3.0.3"
  resolved "https://registry.yarnpkg.com/is-absolute-url/-/is-absolute-url-3.0.3.tgz#96c6a22b6a23929b11ea0afb1836c36ad4a5d698"
  integrity sha512-opmNIX7uFnS96NtPmhWQgQx6/NYFgsUXYMllcfzwWKUMwfo8kku1TvE6hkNcH+Q1ts5cMVrsY7j0bxXQDciu9Q==

is-arrayish@^0.2.1:
  version "0.2.1"
  resolved "https://registry.yarnpkg.com/is-arrayish/-/is-arrayish-0.2.1.tgz#77c99840527aa8ecb1a8ba697b80645a7a926a9d"
  integrity sha1-d8mYQFJ6qOyxqLppe4BkWnqSap0=

is-arrayish@^0.3.1:
  version "0.3.2"
  resolved "https://registry.yarnpkg.com/is-arrayish/-/is-arrayish-0.3.2.tgz#4574a2ae56f7ab206896fb431eaeed066fdf8f03"
  integrity sha512-eVRqCvVlZbuw3GrM63ovNSNAeA1K16kaR/LRY/92w0zxQ5/1YzwblUX652i4Xs9RwAGjW9d9y6X88t8OaAJfWQ==

is-color-stop@^1.1.0:
  version "1.1.0"
  resolved "https://registry.yarnpkg.com/is-color-stop/-/is-color-stop-1.1.0.tgz#cfff471aee4dd5c9e158598fbe12967b5cdad345"
  integrity sha1-z/9HGu5N1cnhWFmPvhKWe1za00U=
  dependencies:
    css-color-names "^0.0.4"
    hex-color-regex "^1.1.0"
    hsl-regex "^1.0.0"
    hsla-regex "^1.0.0"
    rgb-regex "^1.0.1"
    rgba-regex "^1.0.0"

is-obj@^2.0.0:
  version "2.0.0"
  resolved "https://registry.yarnpkg.com/is-obj/-/is-obj-2.0.0.tgz#473fb05d973705e3fd9620545018ca8e22ef4982"
  integrity sha512-drqDG3cbczxxEJRoOXcOjtdp1J/lyp1mNn0xaznRs8+muBhgQcrnbspox5X5fOw0HnMnbfDzvnEMEtqDEJEo8w==

is-resolvable@^1.1.0:
  version "1.1.0"
  resolved "https://registry.yarnpkg.com/is-resolvable/-/is-resolvable-1.1.0.tgz#fb18f87ce1feb925169c9a407c19318a3206ed88"
  integrity sha512-qgDYXFSR5WvEfuS5dMj6oTMEbrrSaM0CrFk2Yiq/gXnBvD9pMa2jGXxyhGLfvhZpuMZe18CJpFxAt3CRs42NMg==

js-tokens@^4.0.0:
  version "4.0.0"
  resolved "https://registry.yarnpkg.com/js-tokens/-/js-tokens-4.0.0.tgz#19203fb59991df98e3a287050d4647cdeaf32499"
  integrity sha512-RdJUflcE3cUzKiMqQgsCu06FPu9UdIJO0beYbPhHN4k6apgJtifcoCtT9bcxOpYBtpD2kCM6Sbzg4CausW/PKQ==

json-parse-even-better-errors@^2.3.0:
  version "2.3.1"
  resolved "https://registry.yarnpkg.com/json-parse-even-better-errors/-/json-parse-even-better-errors-2.3.1.tgz#7c47805a94319928e05777405dc12e1f7a4ee02d"
  integrity sha512-xyFwyhro/JEof6Ghe2iz2NcXoj2sloNsWr/XsERDK/oiPCfaNhl5ONfp+jQdAZRQQ0IJWNzH9zIZF7li91kh2w==

lines-and-columns@^1.1.6:
  version "1.1.6"
  resolved "https://registry.yarnpkg.com/lines-and-columns/-/lines-and-columns-1.1.6.tgz#1c00c743b433cd0a4e80758f7b64a57440d9ff00"
  integrity sha1-HADHQ7QzzQpOgHWPe2SldEDZ/wA=

lodash.memoize@^4.1.2:
  version "4.1.2"
  resolved "https://registry.yarnpkg.com/lodash.memoize/-/lodash.memoize-4.1.2.tgz#bcc6c49a42a2840ed997f323eada5ecd182e0bfe"
  integrity sha1-vMbEmkKihA7Zl/Mj6tpezRguC/4=

lodash.uniq@^4.5.0:
  version "4.5.0"
  resolved "https://registry.yarnpkg.com/lodash.uniq/-/lodash.uniq-4.5.0.tgz#d0225373aeb652adc1bc82e4945339a842754773"
  integrity sha1-0CJTc662Uq3BvILklFM5qEJ1R3M=

mdn-data@2.0.14:
  version "2.0.14"
  resolved "https://registry.yarnpkg.com/mdn-data/-/mdn-data-2.0.14.tgz#7113fc4281917d63ce29b43446f701e68c25ba50"
  integrity sha512-dn6wd0uw5GsdswPFfsgMp5NSB0/aDe6fK94YJV/AJDYXL6HVLWBsxeq7js7Ad+mU2K9LAlwpk6kN2D5mwCPVow==

nanoid@^3.1.22:
  version "3.1.23"
  resolved "https://registry.yarnpkg.com/nanoid/-/nanoid-3.1.23.tgz#f744086ce7c2bc47ee0a8472574d5c78e4183a81"
  integrity sha512-FiB0kzdP0FFVGDKlRLEQ1BgDzU87dy5NnzjeW9YZNt+/c3+q82EQDUwniSAUxp/F0gFNI1ZhKU1FqYsMuqZVnw==

node-releases@^1.1.67:
  version "1.1.67"
  resolved "https://registry.yarnpkg.com/node-releases/-/node-releases-1.1.67.tgz#28ebfcccd0baa6aad8e8d4d8fe4cbc49ae239c12"
  integrity sha512-V5QF9noGFl3EymEwUYzO+3NTDpGfQB4ve6Qfnzf3UNydMhjQRVPR1DZTuvWiLzaFJYw2fmDwAfnRNEVb64hSIg==

node-releases@^1.1.71:
  version "1.1.71"
  resolved "https://registry.yarnpkg.com/node-releases/-/node-releases-1.1.71.tgz#cb1334b179896b1c89ecfdd4b725fb7bbdfc7dbb"
  integrity sha512-zR6HoT6LrLCRBwukmrVbHv0EpEQjksO6GmFcZQQuCAy139BEsoVKPYnf3jongYW83fAa1torLGYwxxky/p28sg==

normalize-range@^0.1.2:
  version "0.1.2"
  resolved "https://registry.yarnpkg.com/normalize-range/-/normalize-range-0.1.2.tgz#2d10c06bdfd312ea9777695a4d28439456b75942"
  integrity sha1-LRDAa9/TEuqXd2laTShDlFa3WUI=

normalize-url@^4.5.0:
  version "4.5.0"
  resolved "https://registry.yarnpkg.com/normalize-url/-/normalize-url-4.5.0.tgz#453354087e6ca96957bd8f5baf753f5982142129"
  integrity sha512-2s47yzUxdexf1OhyRi4Em83iQk0aPvwTddtFz4hnSSw9dCEsLEGf6SwIO8ss/19S9iBb5sJaOuTvTGDeZI00BQ==

nth-check@^2.0.0:
  version "2.0.0"
  resolved "https://registry.yarnpkg.com/nth-check/-/nth-check-2.0.0.tgz#1bb4f6dac70072fc313e8c9cd1417b5074c0a125"
  integrity sha512-i4sc/Kj8htBrAiH1viZ0TgU8Y5XqCaV/FziYK6TBczxmeKm3AEFWqqF3195yKudrarqy7Zu80Ra5dobFjn9X/Q==
  dependencies:
    boolbase "^1.0.0"

parent-module@^1.0.0:
  version "1.0.1"
  resolved "https://registry.yarnpkg.com/parent-module/-/parent-module-1.0.1.tgz#691d2709e78c79fae3a156622452d00762caaaa2"
  integrity sha512-GQ2EWRpQV8/o+Aw8YqtfZZPfNRWZYkbidE9k5rpl/hC3vtHHBfGm2Ifi6qWV+coDGkrUKZAxE3Lot5kcsRlh+g==
  dependencies:
    callsites "^3.0.0"

parse-json@^5.0.0:
  version "5.1.0"
  resolved "https://registry.yarnpkg.com/parse-json/-/parse-json-5.1.0.tgz#f96088cdf24a8faa9aea9a009f2d9d942c999646"
  integrity sha512-+mi/lmVVNKFNVyLXV31ERiy2CY5E1/F6QtJFEzoChPRwwngMNXRDQ9GJ5WdE2Z2P4AujsOi0/+2qHID68KwfIQ==
  dependencies:
    "@babel/code-frame" "^7.0.0"
    error-ex "^1.3.1"
    json-parse-even-better-errors "^2.3.0"
    lines-and-columns "^1.1.6"

path-type@^4.0.0:
  version "4.0.0"
  resolved "https://registry.yarnpkg.com/path-type/-/path-type-4.0.0.tgz#84ed01c0a7ba380afe09d90a8c180dcd9d03043b"
  integrity sha512-gDKb8aZMDeD/tZWs9P6+q0J9Mwkdl6xMV8TjnGP3qJVJ06bdMgkbBlLU8IdfOsIsFz2BW1rNVT3XuNEl8zPAvw==

postcss-calc@^8.0.0:
  version "8.0.0"
  resolved "https://registry.yarnpkg.com/postcss-calc/-/postcss-calc-8.0.0.tgz#a05b87aacd132740a5db09462a3612453e5df90a"
  integrity sha512-5NglwDrcbiy8XXfPM11F3HeC6hoT9W7GUH/Zi5U/p7u3Irv4rHhdDcIZwG0llHXV4ftsBjpfWMXAnXNl4lnt8g==
  dependencies:
    postcss-selector-parser "^6.0.2"
    postcss-value-parser "^4.0.2"

postcss-colormin@^5.0.0:
  version "5.0.0"
  resolved "https://registry.yarnpkg.com/postcss-colormin/-/postcss-colormin-5.0.0.tgz#283b8934c8bdbc531e7648aeb0970107f6d06d0e"
  integrity sha512-Yt84+5V6CgS/AhK7d7MA58vG8dSZ7+ytlRtWLaQhag3HXOncTfmYpuUOX4cDoXjvLfw1sHRCHMiBjYhc35CymQ==
  dependencies:
    browserslist "^4.16.0"
    color "^3.1.1"
    postcss-value-parser "^4.1.0"

postcss-convert-values@^5.0.0:
  version "5.0.0"
  resolved "https://registry.yarnpkg.com/postcss-convert-values/-/postcss-convert-values-5.0.0.tgz#cd77e1d23ebe8fcf508640551eed08e232784cba"
  integrity sha512-V5kmYm4xoBAjNs+eHY/6XzXJkkGeg4kwNf2ocfqhLb1WBPEa4oaSmoi1fnVO7Dkblqvus9h+AenDvhCKUCK7uQ==
  dependencies:
    postcss-value-parser "^4.1.0"

postcss-discard-comments@^5.0.0:
  version "5.0.0"
  resolved "https://registry.yarnpkg.com/postcss-discard-comments/-/postcss-discard-comments-5.0.0.tgz#6c27310e0657c0b9e38a6175ad001b5aa28964bc"
  integrity sha512-Umig6Gxs8m20RihiXY6QkePd6mp4FxkA1Dg+f/Kd6uw0gEMfKRjDeQOyFkLibexbJJGHpE3lrN/Q0R9SMrUMbQ==

postcss-discard-duplicates@^5.0.0:
  version "5.0.0"
  resolved "https://registry.yarnpkg.com/postcss-discard-duplicates/-/postcss-discard-duplicates-5.0.0.tgz#6a2c4f779e8d20da6781e90730f234f9e650c51c"
  integrity sha512-vEJJ+Y3pFUnO1FyCBA6PSisGjHtnphL3V6GsNvkASq/VkP3OX5/No5RYXXLxHa2QegStNzg6HYrYdo71uR4caQ==

postcss-discard-empty@^5.0.0:
  version "5.0.0"
  resolved "https://registry.yarnpkg.com/postcss-discard-empty/-/postcss-discard-empty-5.0.0.tgz#0f0a9baee415f5f7be4ae046ba235e98626ba821"
  integrity sha512-+wigy099Y1xZxG36WG5L1f2zeH1oicntkJEW4TDIqKKDO2g9XVB3OhoiHTu08rDEjLnbcab4rw0BAccwi2VjiQ==

postcss-discard-overridden@^5.0.0:
  version "5.0.0"
  resolved "https://registry.yarnpkg.com/postcss-discard-overridden/-/postcss-discard-overridden-5.0.0.tgz#ac00f695a60001eda52135a11fac87376b8da9ee"
  integrity sha512-hybnScTaZM2iEA6kzVQ6Spozy7kVdLw+lGw8hftLlBEzt93uzXoltkYp9u0tI8xbfhxDLTOOzHsHQCkYdmzRUg==

postcss-merge-longhand@^5.0.1:
  version "5.0.1"
  resolved "https://registry.yarnpkg.com/postcss-merge-longhand/-/postcss-merge-longhand-5.0.1.tgz#1a008ff72d14cd3e2f3d32accc2ad37948bcabf4"
  integrity sha512-H1RO8le5deFGumQzuhJjuL0bIXPRysa+w7xtk5KrHe38oiaSS9ksPXDo24+IOS3SETPhip0J5+1uCOW+ALs3Yw==
  dependencies:
    css-color-names "^1.0.1"
    postcss-value-parser "^4.1.0"
    stylehacks "^5.0.0"

postcss-merge-rules@^5.0.0:
  version "5.0.0"
  resolved "https://registry.yarnpkg.com/postcss-merge-rules/-/postcss-merge-rules-5.0.0.tgz#e0d0c0d45c98376f4adb49eb1f1dfe2aebfd7048"
  integrity sha512-TfsXbKjNYCGfUPEXGIGPySnMiJbdS+3gcVeV8gwmJP4RajyKZHW8E0FYDL1WmggTj3hi+m+WUCAvqRpX2ut4Kg==
  dependencies:
    browserslist "^4.16.0"
    caniuse-api "^3.0.0"
    cssnano-utils "^2.0.0"
    postcss-selector-parser "^6.0.4"
    vendors "^1.0.3"

postcss-minify-font-values@^5.0.0:
  version "5.0.0"
  resolved "https://registry.yarnpkg.com/postcss-minify-font-values/-/postcss-minify-font-values-5.0.0.tgz#fee5d0fa192fae8757cb744870a0ad02be5f402e"
  integrity sha512-zi2JhFaMOcIaNxhndX5uhsqSY1rexKDp23wV8EOmC9XERqzLbHsoRye3aYF716Zm+hkcR4loqKDt8LZlmihwAg==
  dependencies:
    postcss-value-parser "^4.1.0"

postcss-minify-gradients@^5.0.0:
  version "5.0.0"
  resolved "https://registry.yarnpkg.com/postcss-minify-gradients/-/postcss-minify-gradients-5.0.0.tgz#95dbe61567a45c0cd7ab897d78fb65d5096844ed"
  integrity sha512-/jPtNgs6JySMwgsE5dPOq8a2xEopWTW3RyqoB9fLqxgR+mDUNLSi7joKd+N1z7FXWgVkc4l/dEBMXHgNAaUbvg==
  dependencies:
    cssnano-utils "^2.0.0"
    is-color-stop "^1.1.0"
    postcss-value-parser "^4.1.0"

postcss-minify-params@^5.0.0:
  version "5.0.0"
  resolved "https://registry.yarnpkg.com/postcss-minify-params/-/postcss-minify-params-5.0.0.tgz#12c7f75d69b0b4827fafbd6649970a53784a9c24"
  integrity sha512-KvZYIxTPBVKjdd+XgObq9A+Sfv8lMkXTpbZTsjhr42XbfWIeLaTItMlygsDWfjArEc3muUfDaUFgNSeDiJ5jug==
  dependencies:
    alphanum-sort "^1.0.2"
    browserslist "^4.16.0"
    cssnano-utils "^2.0.0"
    postcss-value-parser "^4.1.0"
    uniqs "^2.0.0"

postcss-minify-selectors@^5.0.0:
  version "5.0.0"
  resolved "https://registry.yarnpkg.com/postcss-minify-selectors/-/postcss-minify-selectors-5.0.0.tgz#d3e43d97fd0ba83ba0010950fc5acfa420f7caa9"
  integrity sha512-cEM0O0eWwFIvmo6nfB0lH0vO/XFwgqIvymODbfPXZ1gTA3i76FKnb7TGUrEpiTxaXH6tgYQ6DcTHwRiRS+YQLQ==
  dependencies:
    alphanum-sort "^1.0.2"
    postcss-selector-parser "^3.1.2"

postcss-normalize-charset@^5.0.0:
  version "5.0.0"
  resolved "https://registry.yarnpkg.com/postcss-normalize-charset/-/postcss-normalize-charset-5.0.0.tgz#59e1fe2094fb2e3371cc5b054cbc39828a41a710"
  integrity sha512-pqsCkgo9KmQP0ew6DqSA+uP9YN6EfsW20pQ3JU5JoQge09Z6Too4qU0TNDsTNWuEaP8SWsMp+19l15210MsDZQ==

postcss-normalize-display-values@^5.0.0:
  version "5.0.0"
  resolved "https://registry.yarnpkg.com/postcss-normalize-display-values/-/postcss-normalize-display-values-5.0.0.tgz#4ff2d3b3b5146a366de28ec9e24131a1868f1933"
  integrity sha512-t4f2d//gH1f7Ns0Jq3eNdnWuPT7TeLuISZ6RQx4j8gpl5XrhkdshdNcOnlrEK48YU6Tcb6jqK7dorME3N4oOGA==
  dependencies:
    cssnano-utils "^2.0.0"
    postcss-value-parser "^4.1.0"

postcss-normalize-positions@^5.0.0:
  version "5.0.0"
  resolved "https://registry.yarnpkg.com/postcss-normalize-positions/-/postcss-normalize-positions-5.0.0.tgz#fe1d9a8122dd385b9c6908bd2008140dea17750d"
  integrity sha512-0o6/qU5ky74X/eWYj/tv4iiKCm3YqJnrhmVADpIMNXxzFZywsSQxl8F7cKs8jQEtF3VrJBgcDHTexZy1zgDoYg==
  dependencies:
    postcss-value-parser "^4.1.0"

postcss-normalize-repeat-style@^5.0.0:
  version "5.0.0"
  resolved "https://registry.yarnpkg.com/postcss-normalize-repeat-style/-/postcss-normalize-repeat-style-5.0.0.tgz#e11d88fbf63f89179c6a7391853b2fe7f46e589d"
  integrity sha512-KRT14JbrXKcFMYuc4q7lh8lvv8u22wLyMrq+UpHKLtbx2H/LOjvWXYdoDxmNrrrJzomAWL+ViEXr48/IhSUJnQ==
  dependencies:
    cssnano-utils "^2.0.0"
    postcss-value-parser "^4.1.0"

postcss-normalize-string@^5.0.0:
  version "5.0.0"
  resolved "https://registry.yarnpkg.com/postcss-normalize-string/-/postcss-normalize-string-5.0.0.tgz#2ea08ff4cb8817ce160755e9fdc7e6ef6d495002"
  integrity sha512-wSO4pf7GNcDZpmelREWYADF1+XZWrAcbFLQCOqoE92ZwYgaP/RLumkUTaamEzdT2YKRZAH8eLLKGWotU/7FNPw==
  dependencies:
    postcss-value-parser "^4.1.0"

postcss-normalize-timing-functions@^5.0.0:
  version "5.0.0"
  resolved "https://registry.yarnpkg.com/postcss-normalize-timing-functions/-/postcss-normalize-timing-functions-5.0.0.tgz#380eb1c9b179f96efc307c659a8049116f16f381"
  integrity sha512-TwPaDX+wl9wO3MUm23lzGmOzGCGKnpk+rSDgzB2INpakD5dgWR3L6bJq1P1LQYzBAvz8fRIj2NWdnZdV4EV98Q==
  dependencies:
    cssnano-utils "^2.0.0"
    postcss-value-parser "^4.1.0"

postcss-normalize-unicode@^5.0.0:
  version "5.0.0"
  resolved "https://registry.yarnpkg.com/postcss-normalize-unicode/-/postcss-normalize-unicode-5.0.0.tgz#aa46a89c86ae51a01cbca13e73c1ed7b0b38807e"
  integrity sha512-2CpVoz/67rXU5s9tsPZDxG1YGS9OFHwoY9gsLAzrURrCxTAb0H7Vp87/62LvVPgRWTa5ZmvgmqTp2rL8tlm72A==
  dependencies:
    browserslist "^4.16.0"
    postcss-value-parser "^4.1.0"

postcss-normalize-url@^5.0.0:
  version "5.0.0"
  resolved "https://registry.yarnpkg.com/postcss-normalize-url/-/postcss-normalize-url-5.0.0.tgz#626a4c7d30007f94466cdf245e7ed9f253f1dbd9"
  integrity sha512-ICDaGFBqLgA3dlrCIRuhblLl80D13YtgEV9NJPTYJtgR72vu61KgxAHv+z/lKMs1EbwfSQa3ALjOFLSmXiE34A==
  dependencies:
    is-absolute-url "^3.0.3"
    normalize-url "^4.5.0"
    postcss-value-parser "^4.1.0"

postcss-normalize-whitespace@^5.0.0:
  version "5.0.0"
  resolved "https://registry.yarnpkg.com/postcss-normalize-whitespace/-/postcss-normalize-whitespace-5.0.0.tgz#1faf147a4f8d3d93a3c75109d120b4eefa00589b"
  integrity sha512-KRnxQvQAVkJfaeXSz7JlnD9nBN9sFZF9lrk9452Q2uRoqrRSkinqifF8Iex7wZGei2DZVG/qpmDFDmRvbNAOGA==
  dependencies:
    postcss-value-parser "^4.1.0"

postcss-ordered-values@^5.0.0:
  version "5.0.0"
  resolved "https://registry.yarnpkg.com/postcss-ordered-values/-/postcss-ordered-values-5.0.0.tgz#a50f224c5f40c566b338b0663655478737dcebee"
  integrity sha512-dPr+SRObiHueCIc4IUaG0aOGQmYkuNu50wQvdXTGKy+rzi2mjmPsbeDsheLk5WPb9Zyf2tp8E+I+h40cnivm6g==
  dependencies:
    cssnano-utils "^2.0.0"
    postcss-value-parser "^4.1.0"

postcss-reduce-initial@^5.0.0:
  version "5.0.0"
  resolved "https://registry.yarnpkg.com/postcss-reduce-initial/-/postcss-reduce-initial-5.0.0.tgz#c724e5513b0ae7f3d7bff16f0fc82133fb2f820a"
  integrity sha512-wR6pXUaFbSMG1oCKx8pKVA+rnSXCHlca5jMrlmkmif+uig0HNUTV9oGN5kjKsM3mATQAldv2PF9Tbl2vqLFjnA==
  dependencies:
    browserslist "^4.16.0"
    caniuse-api "^3.0.0"

postcss-reduce-transforms@^5.0.0:
  version "5.0.0"
  resolved "https://registry.yarnpkg.com/postcss-reduce-transforms/-/postcss-reduce-transforms-5.0.0.tgz#5c820f71fbd4eec82b323523642b7b2d1c7d29ef"
  integrity sha512-iHdGODW4YzM3WjVecBhPQt6fpJC4lGQZxJKjkBNHpp2b8dzmvj0ogKThqya+IRodQEFzjfXgYeESkf172FH5Lw==
  dependencies:
    cssnano-utils "^2.0.0"
    postcss-value-parser "^4.1.0"

postcss-selector-parser@^3.1.2:
  version "3.1.2"
  resolved "https://registry.yarnpkg.com/postcss-selector-parser/-/postcss-selector-parser-3.1.2.tgz#b310f5c4c0fdaf76f94902bbaa30db6aa84f5270"
  integrity sha512-h7fJ/5uWuRVyOtkO45pnt1Ih40CEleeyCHzipqAZO2e5H20g25Y48uYnFUiShvY4rZWNJ/Bib/KVPmanaCtOhA==
  dependencies:
    dot-prop "^5.2.0"
    indexes-of "^1.0.1"
    uniq "^1.0.1"

postcss-selector-parser@^6.0.2, postcss-selector-parser@^6.0.4:
  version "6.0.6"
  resolved "https://registry.yarnpkg.com/postcss-selector-parser/-/postcss-selector-parser-6.0.6.tgz#2c5bba8174ac2f6981ab631a42ab0ee54af332ea"
  integrity sha512-9LXrvaaX3+mcv5xkg5kFwqSzSH1JIObIx51PrndZwlmznwXRfxMddDvo9gve3gVR8ZTKgoFDdWkbRFmEhT4PMg==
  dependencies:
    cssesc "^3.0.0"
    util-deprecate "^1.0.2"

postcss-svgo@^5.0.0:
  version "5.0.0"
  resolved "https://registry.yarnpkg.com/postcss-svgo/-/postcss-svgo-5.0.0.tgz#c8d806e573394ab24f1e233cac5be4c199e9f1b2"
  integrity sha512-M3/VS4sFI1Yp9g0bPL+xzzCNz5iLdRUztoFaugMit5a8sMfkVzzhwqbsOlD8IFFymCdJDmXmh31waYHWw1K4BA==
  dependencies:
    postcss-value-parser "^4.1.0"
    svgo "^2.3.0"

postcss-unique-selectors@^5.0.0:
  version "5.0.0"
  resolved "https://registry.yarnpkg.com/postcss-unique-selectors/-/postcss-unique-selectors-5.0.0.tgz#17856278f6c38d024defc9694d568bb09dd7f771"
  integrity sha512-o9l4pF8SRn7aCMTmzb/kNv/kjV7wPZpZ8Nlb1Gq8v/Qvw969K1wanz1RVA0ehHzWe9+wHXaC2DvZlak/gdMJ5w==
  dependencies:
    alphanum-sort "^1.0.2"
    postcss-selector-parser "^6.0.2"
    uniqs "^2.0.0"

postcss-value-parser@^4.0.2, postcss-value-parser@^4.1.0:
  version "4.1.0"
  resolved "https://registry.yarnpkg.com/postcss-value-parser/-/postcss-value-parser-4.1.0.tgz#443f6a20ced6481a2bda4fa8532a6e55d789a2cb"
  integrity sha512-97DXOFbQJhk71ne5/Mt6cOu6yxsSfM0QGQyl0L25Gca4yGWEGJaig7l7gbCX623VqTBNGLRLaVUCnNkcedlRSQ==

postcss@^8.2.1:
  version "8.2.10"
  resolved "https://registry.yarnpkg.com/postcss/-/postcss-8.2.10.tgz#ca7a042aa8aff494b334d0ff3e9e77079f6f702b"
  integrity sha512-b/h7CPV7QEdrqIxtAf2j31U5ef05uBDuvoXv6L51Q4rcS1jdlXAVKJv+atCFdUXYl9dyTHGyoMzIepwowRJjFw==
  dependencies:
    colorette "^1.2.2"
    nanoid "^3.1.22"
    source-map "^0.6.1"

resolve-from@^4.0.0:
  version "4.0.0"
  resolved "https://registry.yarnpkg.com/resolve-from/-/resolve-from-4.0.0.tgz#4abcd852ad32dd7baabfe9b40e00a36db5f392e6"
  integrity sha512-pb/MYmXstAkysRFx8piNI1tGFNQIFA3vkE3Gq4EuA1dF6gHp/+vgZqsCGJapvy8N3Q+4o7FwvquPJcnZ7RYy4g==

rgb-regex@^1.0.1:
  version "1.0.1"
  resolved "https://registry.yarnpkg.com/rgb-regex/-/rgb-regex-1.0.1.tgz#c0e0d6882df0e23be254a475e8edd41915feaeb1"
  integrity sha1-wODWiC3w4jviVKR16O3UGRX+rrE=

rgba-regex@^1.0.0:
  version "1.0.0"
  resolved "https://registry.yarnpkg.com/rgba-regex/-/rgba-regex-1.0.0.tgz#43374e2e2ca0968b0ef1523460b7d730ff22eeb3"
  integrity sha1-QzdOLiyglosO8VI0YLfXMP8i7rM=

simple-swizzle@^0.2.2:
  version "0.2.2"
  resolved "https://registry.yarnpkg.com/simple-swizzle/-/simple-swizzle-0.2.2.tgz#a4da6b635ffcccca33f70d17cb92592de95e557a"
  integrity sha1-pNprY1/8zMoz9w0Xy5JZLeleVXo=
  dependencies:
    is-arrayish "^0.3.1"

source-map@^0.6.1:
  version "0.6.1"
  resolved "https://registry.yarnpkg.com/source-map/-/source-map-0.6.1.tgz#74722af32e9614e9c287a8d0bbde48b5e2f1a263"
  integrity sha512-UjgapumWlbMhkBgzT7Ykc5YXUT46F0iKu8SGXq0bcwP5dz/h0Plj6enJqjz1Zbq2l5WaqYnrVbwWOWMyF3F47g==

stable@^0.1.8:
  version "0.1.8"
  resolved "https://registry.yarnpkg.com/stable/-/stable-0.1.8.tgz#836eb3c8382fe2936feaf544631017ce7d47a3cf"
  integrity sha512-ji9qxRnOVfcuLDySj9qzhGSEFVobyt1kIOSkj1qZzYLzq7Tos/oUUWvotUPQLlrsidqsK6tBH89Bc9kL5zHA6w==

stylehacks@^5.0.0:
  version "5.0.0"
  resolved "https://registry.yarnpkg.com/stylehacks/-/stylehacks-5.0.0.tgz#c49b0b2cf9917fe37dc030b96a4c34698b932933"
  integrity sha512-QOWm6XivDLb+fqffTZP8jrmPmPITVChl2KCY2R05nsCWwLi3VGhCdVc3IVGNwd1zzTt1jPd67zIKjpQfxzQZeA==
  dependencies:
    browserslist "^4.16.0"
    postcss-selector-parser "^6.0.4"

supports-color@^5.3.0:
  version "5.5.0"
  resolved "https://registry.yarnpkg.com/supports-color/-/supports-color-5.5.0.tgz#e2e69a44ac8772f78a1ec0b35b689df6530efc8f"
  integrity sha512-QjVjwdXIt408MIiAqCX4oUKsgU2EqAGzs2Ppkm4aQYbjm+ZEWEcW4SfFNTr4uMNZma0ey4f5lgLrkB0aX0QMow==
  dependencies:
    has-flag "^3.0.0"

supports-color@^7.1.0:
  version "7.2.0"
  resolved "https://registry.yarnpkg.com/supports-color/-/supports-color-7.2.0.tgz#1b7dcdcb32b8138801b3e478ba6a51caa89648da"
  integrity sha512-qpCAvRl9stuOHveKsn7HncJRvv501qIacKzQlO/+Lwxc9+0q2wLyv4Dfvt80/DPn2pqOBsJdDiogXGR9+OvwRw==
  dependencies:
    has-flag "^4.0.0"

svgo@^2.3.0:
  version "2.3.0"
  resolved "https://registry.yarnpkg.com/svgo/-/svgo-2.3.0.tgz#6b3af81d0cbd1e19c83f5f63cec2cb98c70b5373"
  integrity sha512-fz4IKjNO6HDPgIQxu4IxwtubtbSfGEAJUq/IXyTPIkGhWck/faiiwfkvsB8LnBkKLvSoyNNIY6d13lZprJMc9Q==
  dependencies:
    "@trysound/sax" "0.1.1"
    chalk "^4.1.0"
    commander "^7.1.0"
    css-select "^3.1.2"
    css-tree "^1.1.2"
    csso "^4.2.0"
    stable "^0.1.8"

timsort@^0.3.0:
  version "0.3.0"
  resolved "https://registry.yarnpkg.com/timsort/-/timsort-0.3.0.tgz#405411a8e7e6339fe64db9a234de11dc31e02bd4"
  integrity sha1-QFQRqOfmM5/mTbmiNN4R3DHgK9Q=

uniq@^1.0.1:
  version "1.0.1"
  resolved "https://registry.yarnpkg.com/uniq/-/uniq-1.0.1.tgz#b31c5ae8254844a3a8281541ce2b04b865a734ff"
  integrity sha1-sxxa6CVIRKOoKBVBzisEuGWnNP8=

uniqs@^2.0.0:
  version "2.0.0"
  resolved "https://registry.yarnpkg.com/uniqs/-/uniqs-2.0.0.tgz#ffede4b36b25290696e6e165d4a59edb998e6b02"
  integrity sha1-/+3ks2slKQaW5uFl1KWe25mOawI=

util-deprecate@^1.0.2:
  version "1.0.2"
  resolved "https://registry.yarnpkg.com/util-deprecate/-/util-deprecate-1.0.2.tgz#450d4dc9fa70de732762fbd2d4a28981419a0ccf"
  integrity sha1-RQ1Nyfpw3nMnYvvS1KKJgUGaDM8=

vendors@^1.0.3:
  version "1.0.4"
  resolved "https://registry.yarnpkg.com/vendors/-/vendors-1.0.4.tgz#e2b800a53e7a29b93506c3cf41100d16c4c4ad8e"
  integrity sha512-/juG65kTL4Cy2su4P8HjtkTxk6VmJDiOPBufWniqQ6wknac6jNiXS9vU+hO3wgusiyqWlzTbVHi0dyJqRONg3w==

yaml@^1.10.0:
  version "1.10.0"
  resolved "https://registry.yarnpkg.com/yaml/-/yaml-1.10.0.tgz#3b593add944876077d4d683fee01081bd9fff31e"
  integrity sha512-yr2icI4glYaNG+KWONODapy2/jDdMSDnrONSjblABjD9B4Z5LgiircSt8m8sRZFNi08kG9Sm0uSHtEmP3zaEGg==
