# THIS IS AN AUTOGENERATED FILE. DO NOT EDIT THIS FILE DIRECTLY.
# yarn lockfile v1


alphanum-sort@^1.0.2:
  version "1.0.2"
  resolved "https://registry.yarnpkg.com/alphanum-sort/-/alphanum-sort-1.0.2.tgz#97a1119649b211ad33691d9f9f486a8ec9fbe0a3"
  integrity sha1-l6ERlkmyEa0zaR2fn0hqjsn74KM=

colorette@^1.2.1:
  version "1.2.1"
  resolved "https://registry.yarnpkg.com/colorette/-/colorette-1.2.1.tgz#4d0b921325c14faf92633086a536db6e89564b1b"
  integrity sha512-puCDz0CzydiSYOrnXpz/PKd69zRrribezjtE9yd4zvytoRc8+RY/KJPvtPFKZS3E3wP6neGyMe0vOTlHO5L3Pw==

dot-prop@^5.2.0:
  version "5.2.0"
  resolved "https://registry.yarnpkg.com/dot-prop/-/dot-prop-5.2.0.tgz#c34ecc29556dc45f1f4c22697b6f4904e0cc4fcb"
  integrity sha512-uEUyaDKoSQ1M4Oq8l45hSE26SnTxL6snNnqvK/VWx5wJhmff5z0FUVJDKDanor/6w3kzE3i7XZOk+7wC0EXr1A==
  dependencies:
    is-obj "^2.0.0"

function-bind@^1.1.1:
  version "1.1.1"
  resolved "https://registry.yarnpkg.com/function-bind/-/function-bind-1.1.1.tgz#a56899d3ea3c9bab874bb9773b7c5ede92f4895d"
  integrity sha512-yIovAzMX49sF8Yl58fSCWJ5svSLuaibPxXQJFLmBObTuCr0Mf1KiPopGM9NiFjiYBCbfaa2Fh6breQ6ANVTI0A==

has@^1.0.3:
  version "1.0.3"
  resolved "https://registry.yarnpkg.com/has/-/has-1.0.3.tgz#722d7cbfc1f6aa8241f16dd814e011e1f41e8796"
  integrity sha512-f2dvO0VU6Oej7RkWJGrehjbzMAjFp5/VKPp5tTpWIV4JHHZK1/BxbFRtf/siA2SWTe09caDmVtYYzWEIbBS4zw==
  dependencies:
    function-bind "^1.1.1"

indexes-of@^1.0.1:
  version "1.0.1"
  resolved "https://registry.yarnpkg.com/indexes-of/-/indexes-of-1.0.1.tgz#f30f716c8e2bd346c7b67d3df3915566a7c05607"
  integrity sha1-8w9xbI4r00bHtn0985FVZqfAVgc=

is-obj@^2.0.0:
  version "2.0.0"
  resolved "https://registry.yarnpkg.com/is-obj/-/is-obj-2.0.0.tgz#473fb05d973705e3fd9620545018ca8e22ef4982"
  integrity sha512-drqDG3cbczxxEJRoOXcOjtdp1J/lyp1mNn0xaznRs8+muBhgQcrnbspox5X5fOw0HnMnbfDzvnEMEtqDEJEo8w==

nanoid@^3.1.20:
  version "3.1.20"
  resolved "https://registry.yarnpkg.com/nanoid/-/nanoid-3.1.20.tgz#badc263c6b1dcf14b71efaa85f6ab4c1d6cfc788"
  integrity sha512-a1cQNyczgKbLX9jwbS/+d7W8fX/RfgYR7lVWwWOGIPNgK2m0MWvrGF6/m4kk6U3QcFMnZf3RIhL0v2Jgh/0Uxw==

postcss-selector-parser@^3.1.1:
  version "3.1.2"
  resolved "https://registry.yarnpkg.com/postcss-selector-parser/-/postcss-selector-parser-3.1.2.tgz#b310f5c4c0fdaf76f94902bbaa30db6aa84f5270"
  integrity sha512-h7fJ/5uWuRVyOtkO45pnt1Ih40CEleeyCHzipqAZO2e5H20g25Y48uYnFUiShvY4rZWNJ/Bib/KVPmanaCtOhA==
  dependencies:
    dot-prop "^5.2.0"
    indexes-of "^1.0.1"
    uniq "^1.0.1"

postcss@^8.2.1:
  version "8.2.1"
  resolved "https://registry.yarnpkg.com/postcss/-/postcss-8.2.1.tgz#eabc5557c4558059b9d9e5b15bce7ffa9089c2a8"
  integrity sha512-RhsqOOAQzTgh1UB/IZdca7F9WDb7SUCR2Vnv1x7DbvuuggQIpoDwjK+q0rzoPffhYvWNKX5JSwS4so4K3UC6vA==
  dependencies:
    colorette "^1.2.1"
    nanoid "^3.1.20"
    source-map "^0.6.1"

source-map@^0.6.1:
  version "0.6.1"
  resolved "https://registry.yarnpkg.com/source-map/-/source-map-0.6.1.tgz#74722af32e9614e9c287a8d0bbde48b5e2f1a263"
  integrity sha512-UjgapumWlbMhkBgzT7Ykc5YXUT46F0iKu8SGXq0bcwP5dz/h0Plj6enJqjz1Zbq2l5WaqYnrVbwWOWMyF3F47g==

uniq@^1.0.1:
  version "1.0.1"
  resolved "https://registry.yarnpkg.com/uniq/-/uniq-1.0.1.tgz#b31c5ae8254844a3a8281541ce2b04b865a734ff"
  integrity sha1-sxxa6CVIRKOoKBVBzisEuGWnNP8=
