# THIS IS AN AUTOGENERATED FILE. DO NOT EDIT THIS FILE DIRECTLY.
# yarn lockfile v1


alphanum-sort@^1.0.2:
  version "1.0.2"
  resolved "https://registry.yarnpkg.com/alphanum-sort/-/alphanum-sort-1.0.2.tgz#97a1119649b211ad33691d9f9f486a8ec9fbe0a3"
  integrity sha1-l6ERlkmyEa0zaR2fn0hqjsn74KM=

browserslist@^4.16.0:
  version "4.16.5"
  resolved "https://registry.yarnpkg.com/browserslist/-/browserslist-4.16.5.tgz#952825440bca8913c62d0021334cbe928ef062ae"
  integrity sha512-C2HAjrM1AI/djrpAUU/tr4pml1DqLIzJKSLDBXBrNErl9ZCCTXdhwxdJjYc16953+mBWf7Lw+uUJgpgb8cN71A==
  dependencies:
    caniuse-lite "^1.0.30001214"
    colorette "^1.2.2"
    electron-to-chromium "^1.3.719"
    escalade "^3.1.1"
    node-releases "^1.1.71"

caniuse-lite@^1.0.30001214:
  version "1.0.30001228"
  resolved "https://registry.yarnpkg.com/caniuse-lite/-/caniuse-lite-1.0.30001228.tgz#bfdc5942cd3326fa51ee0b42fbef4da9d492a7fa"
  integrity sha512-QQmLOGJ3DEgokHbMSA8cj2a+geXqmnpyOFT0lhQV6P3/YOJvGDEwoedcwxEQ30gJIwIIunHIicunJ2rzK5gB2A==

colorette@^1.2.2:
  version "1.2.2"
  resolved "https://registry.yarnpkg.com/colorette/-/colorette-1.2.2.tgz#cbcc79d5e99caea2dbf10eb3a26fd8b3e6acfa94"
  integrity sha512-MKGMzyfeuutC/ZJ1cba9NqcNpfeqMUcYmyF1ZFY6/Cn7CNSAKx6a+s48sqLqyAiZuaP2TcqMhoo+dlwFnVxT9w==

cssnano-utils@^2.0.1:
  version "2.0.1"
  resolved "https://registry.yarnpkg.com/cssnano-utils/-/cssnano-utils-2.0.1.tgz#8660aa2b37ed869d2e2f22918196a9a8b6498ce2"
  integrity sha512-i8vLRZTnEH9ubIyfdZCAdIdgnHAUeQeByEeQ2I7oTilvP9oHO6RScpeq3GsFUVqeB8uZgOQ9pw8utofNn32hhQ==

electron-to-chromium@^1.3.719:
  version "1.3.737"
  resolved "https://registry.yarnpkg.com/electron-to-chromium/-/electron-to-chromium-1.3.737.tgz#196f2e9656f4f3c31930750e1899c091b72d36b5"
  integrity sha512-P/B84AgUSQXaum7a8m11HUsYL8tj9h/Pt5f7Hg7Ty6bm5DxlFq+e5+ouHUoNQMsKDJ7u4yGfI8mOErCmSH9wyg==

escalade@^3.1.1:
  version "3.1.1"
  resolved "https://registry.yarnpkg.com/escalade/-/escalade-3.1.1.tgz#d8cfdc7000965c5a0174b4a82eaa5c0552742e40"
  integrity sha512-k0er2gUkLf8O0zKJiAhmkTnJlTvINGv7ygDNPbeIsX/TJjGJZHuh9B2UxbsaEkmlEo9MfhrSzmhIlhRlI2GXnw==

nanoid@^3.1.23:
  version "3.1.23"
  resolved "https://registry.yarnpkg.com/nanoid/-/nanoid-3.1.23.tgz#f744086ce7c2bc47ee0a8472574d5c78e4183a81"
  integrity sha512-FiB0kzdP0FFVGDKlRLEQ1BgDzU87dy5NnzjeW9YZNt+/c3+q82EQDUwniSAUxp/F0gFNI1ZhKU1FqYsMuqZVnw==

node-releases@^1.1.71:
  version "1.1.72"
  resolved "https://registry.yarnpkg.com/node-releases/-/node-releases-1.1.72.tgz#14802ab6b1039a79a0c7d662b610a5bbd76eacbe"
  integrity sha512-LLUo+PpH3dU6XizX3iVoubUNheF/owjXCZZ5yACDxNnPtgFuludV1ZL3ayK1kVep42Rmm0+R9/Y60NQbZ2bifw==

postcss-value-parser@^4.1.0:
  version "4.1.0"
  resolved "https://registry.yarnpkg.com/postcss-value-parser/-/postcss-value-parser-4.1.0.tgz#443f6a20ced6481a2bda4fa8532a6e55d789a2cb"
  integrity sha512-97DXOFbQJhk71ne5/Mt6cOu6yxsSfM0QGQyl0L25Gca4yGWEGJaig7l7gbCX623VqTBNGLRLaVUCnNkcedlRSQ==

postcss@^8.2.15:
  version "8.2.15"
  resolved "https://registry.yarnpkg.com/postcss/-/postcss-8.2.15.tgz#9e66ccf07292817d226fc315cbbf9bc148fbca65"
  integrity sha512-2zO3b26eJD/8rb106Qu2o7Qgg52ND5HPjcyQiK2B98O388h43A448LCslC0dI2P97wCAQRJsFvwTRcXxTKds+Q==
  dependencies:
    colorette "^1.2.2"
    nanoid "^3.1.23"
    source-map "^0.6.1"

source-map@^0.6.1:
  version "0.6.1"
  resolved "https://registry.yarnpkg.com/source-map/-/source-map-0.6.1.tgz#74722af32e9614e9c287a8d0bbde48b5e2f1a263"
  integrity sha512-UjgapumWlbMhkBgzT7Ykc5YXUT46F0iKu8SGXq0bcwP5dz/h0Plj6enJqjz1Zbq2l5WaqYnrVbwWOWMyF3F47g==

uniqs@^2.0.0:
  version "2.0.0"
  resolved "https://registry.yarnpkg.com/uniqs/-/uniqs-2.0.0.tgz#ffede4b36b25290696e6e165d4a59edb998e6b02"
  integrity sha1-/+3ks2slKQaW5uFl1KWe25mOawI=
