# THIS IS AN AUTOGENERATED FILE. DO NOT EDIT THIS FILE DIRECTLY.
# yarn lockfile v1


dot-prop@^5.2.0:
  version "5.2.0"
  resolved "https://registry.yarnpkg.com/dot-prop/-/dot-prop-5.2.0.tgz#c34ecc29556dc45f1f4c22697b6f4904e0cc4fcb"
  integrity sha512-uEUyaDKoSQ1M4Oq8l45hSE26SnTxL6snNnqvK/VWx5wJhmff5z0FUVJDKDanor/6w3kzE3i7XZOk+7wC0EXr1A==
  dependencies:
    is-obj "^2.0.0"

indexes-of@^1.0.1:
  version "1.0.1"
  resolved "https://registry.yarnpkg.com/indexes-of/-/indexes-of-1.0.1.tgz#f30f716c8e2bd346c7b67d3df3915566a7c05607"
  integrity sha1-8w9xbI4r00bHtn0985FVZqfAVgc=

is-obj@^2.0.0:
  version "2.0.0"
  resolved "https://registry.yarnpkg.com/is-obj/-/is-obj-2.0.0.tgz#473fb05d973705e3fd9620545018ca8e22ef4982"
  integrity sha512-drqDG3cbczxxEJRoOXcOjtdp1J/lyp1mNn0xaznRs8+muBhgQcrnbspox5X5fOw0HnMnbfDzvnEMEtqDEJEo8w==

postcss-selector-parser@^3.1.1:
  version "3.1.2"
  resolved "https://registry.yarnpkg.com/postcss-selector-parser/-/postcss-selector-parser-3.1.2.tgz#b310f5c4c0fdaf76f94902bbaa30db6aa84f5270"
  integrity sha512-h7fJ/5uWuRVyOtkO45pnt1Ih40CEleeyCHzipqAZO2e5H20g25Y48uYnFUiShvY4rZWNJ/Bib/KVPmanaCtOhA==
  dependencies:
    dot-prop "^5.2.0"
    indexes-of "^1.0.1"
    uniq "^1.0.1"

uniq@^1.0.1:
  version "1.0.1"
  resolved "https://registry.yarnpkg.com/uniq/-/uniq-1.0.1.tgz#b31c5ae8254844a3a8281541ce2b04b865a734ff"
  integrity sha1-sxxa6CVIRKOoKBVBzisEuGWnNP8=

uniqs@^2.0.0:
  version "2.0.0"
  resolved "https://registry.yarnpkg.com/uniqs/-/uniqs-2.0.0.tgz#ffede4b36b25290696e6e165d4a59edb998e6b02"
  integrity sha1-/+3ks2slKQaW5uFl1KWe25mOawI=
