# THIS IS AN AUTOGENERATED FILE. DO NOT EDIT THIS FILE DIRECTLY.
# yarn lockfile v1


"@types/q@^1.5.1":
  version "1.5.2"
  resolved "https://registry.yarnpkg.com/@types/q/-/q-1.5.2.tgz#690a1475b84f2a884fd07cd797c00f5f31356ea8"
  integrity sha512-ce5d3q03Ex0sy4R14722Rmt6MT07Ua+k4FwDfdcToYJcMKNtRVQvJ6JCAPdAmAnbRb6CsX6aYb9m96NGod9uTw==

alphanum-sort@^1.0.0:
  version "1.0.2"
  resolved "https://registry.yarnpkg.com/alphanum-sort/-/alphanum-sort-1.0.2.tgz#97a1119649b211ad33691d9f9f486a8ec9fbe0a3"
  integrity sha1-l6ERlkmyEa0zaR2fn0hqjsn74KM=

ansi-styles@^3.2.1:
  version "3.2.1"
  resolved "https://registry.yarnpkg.com/ansi-styles/-/ansi-styles-3.2.1.tgz#41fbb20243e50b12be0f04b8dedbf07520ce841d"
  integrity sha512-VT0ZI6kZRdTh8YyJw3SMbYm/u+NqfsAxEpWO0Pf9sq8/e94WxxOpPKx9FR1FlyCtOVDNOQ+8ntlqFxiRc+r5qA==
  dependencies:
    color-convert "^1.9.0"

argparse@^1.0.7:
  version "1.0.10"
  resolved "https://registry.yarnpkg.com/argparse/-/argparse-1.0.10.tgz#bcd6791ea5ae09725e17e5ad988134cd40b3d911"
  integrity sha512-o5Roy6tNG4SL/FOkCAN6RzjiakZS25RLYFrcMttJqbdd8BWrnA+fGz57iN5Pb06pvBGvl5gQ0B48dJlslXvoTg==
  dependencies:
    sprintf-js "~1.0.2"

boolbase@^1.0.0, boolbase@~1.0.0:
  version "1.0.0"
  resolved "https://registry.yarnpkg.com/boolbase/-/boolbase-1.0.0.tgz#68dff5fbe60c51eb37725ea9e3ed310dcc1e776e"
  integrity sha1-aN/1++YMUes3cl6p4+0xDcwed24=

browserslist@^4.0.0:
  version "4.8.2"
  resolved "https://registry.yarnpkg.com/browserslist/-/browserslist-4.8.2.tgz#b45720ad5fbc8713b7253c20766f701c9a694289"
  integrity sha512-+M4oeaTplPm/f1pXDw84YohEv7B1i/2Aisei8s4s6k3QsoSHa7i5sz8u/cGQkkatCPxMASKxPualR4wwYgVboA==
  dependencies:
    caniuse-lite "^1.0.30001015"
    electron-to-chromium "^1.3.322"
    node-releases "^1.1.42"

caniuse-api@^3.0.0:
  version "3.0.0"
  resolved "https://registry.yarnpkg.com/caniuse-api/-/caniuse-api-3.0.0.tgz#5e4d90e2274961d46291997df599e3ed008ee4c0"
  integrity sha512-bsTwuIg/BZZK/vreVTYYbSWoe2F+71P7K5QGEX+pT250DZbfU1MQ5prOKpPR+LL6uWKK3KMwMCAS74QB3Um1uw==
  dependencies:
    browserslist "^4.0.0"
    caniuse-lite "^1.0.0"
    lodash.memoize "^4.1.2"
    lodash.uniq "^4.5.0"

caniuse-lite@^1.0.0, caniuse-lite@^1.0.30001015:
  version "1.0.30001016"
  resolved "https://registry.yarnpkg.com/caniuse-lite/-/caniuse-lite-1.0.30001016.tgz#16ea48d7d6e8caf3cad3295c2d746fe38c4e7f66"
  integrity sha512-yYQ2QfotceRiH4U+h1Us86WJXtVHDmy3nEKIdYPsZCYnOV5/tMgGbmoIlrMzmh2VXlproqYtVaKeGDBkMZifFA==

chalk@^2.4.1, chalk@^2.4.2:
  version "2.4.2"
  resolved "https://registry.yarnpkg.com/chalk/-/chalk-2.4.2.tgz#cd42541677a54333cf541a49108c1432b44c9424"
  integrity sha512-Mti+f9lpJNcwF4tWV8/OrTTtF1gZi+f8FqlyAdouralcFWFQWF2+NgCHShjkCb+IFBLq9buZwE1xckQU4peSuQ==
  dependencies:
    ansi-styles "^3.2.1"
    escape-string-regexp "^1.0.5"
    supports-color "^5.3.0"

coa@^2.0.2:
  version "2.0.2"
  resolved "https://registry.yarnpkg.com/coa/-/coa-2.0.2.tgz#43f6c21151b4ef2bf57187db0d73de229e3e7ec3"
  integrity sha512-q5/jG+YQnSy4nRTV4F7lPepBJZ8qBNJJDBuJdoejDyLXgmL7IEo+Le2JDZudFTFt7mrCqIRaSjws4ygRCTCAXA==
  dependencies:
    "@types/q" "^1.5.1"
    chalk "^2.4.1"
    q "^1.1.2"

color-convert@^1.9.0, color-convert@^1.9.1:
  version "1.9.3"
  resolved "https://registry.yarnpkg.com/color-convert/-/color-convert-1.9.3.tgz#bb71850690e1f136567de629d2d5471deda4c1e8"
  integrity sha512-QfAUtd+vFdAtFQcC8CCyYt1fYWxSqAiK2cSD6zDB8N3cpsEBAvRxp9zOGg6G/SHHJYAT88/az/IuDGALsNVbGg==
  dependencies:
    color-name "1.1.3"

color-name@1.1.3:
  version "1.1.3"
  resolved "https://registry.yarnpkg.com/color-name/-/color-name-1.1.3.tgz#a7d0558bd89c42f795dd42328f740831ca53bc25"
  integrity sha1-p9BVi9icQveV3UIyj3QIMcpTvCU=

color-name@^1.0.0:
  version "1.1.4"
  resolved "https://registry.yarnpkg.com/color-name/-/color-name-1.1.4.tgz#c2a09a87acbde69543de6f63fa3995c826c536a2"
  integrity sha512-dOy+3AuW3a2wNbZHIuMZpTcgjGuLU/uBL/ubcZF9OXbDo8ff4O8yVp5Bf0efS8uEoYo5q4Fx7dY9OgQGXgAsQA==

color-string@^1.5.2:
  version "1.5.3"
  resolved "https://registry.yarnpkg.com/color-string/-/color-string-1.5.3.tgz#c9bbc5f01b58b5492f3d6857459cb6590ce204cc"
  integrity sha512-dC2C5qeWoYkxki5UAXapdjqO672AM4vZuPGRQfO8b5HKuKGBbKWpITyDYN7TOFKvRW7kOgAn3746clDBMDJyQw==
  dependencies:
    color-name "^1.0.0"
    simple-swizzle "^0.2.2"

color@^3.0.0:
  version "3.1.2"
  resolved "https://registry.yarnpkg.com/color/-/color-3.1.2.tgz#68148e7f85d41ad7649c5fa8c8106f098d229e10"
  integrity sha512-vXTJhHebByxZn3lDvDJYw4lR5+uB3vuoHsuYA5AKuxRVn5wzzIfQKGLBmgdVRHKTJYeK5rvJcHnrd0Li49CFpg==
  dependencies:
    color-convert "^1.9.1"
    color-string "^1.5.2"

css-color-names@0.0.4, css-color-names@^0.0.4:
  version "0.0.4"
  resolved "https://registry.yarnpkg.com/css-color-names/-/css-color-names-0.0.4.tgz#808adc2e79cf84738069b646cb20ec27beb629e0"
  integrity sha1-gIrcLnnPhHOAabZGyyDsJ762KeA=

css-declaration-sorter@^5.0.0:
  version "5.0.0"
  resolved "https://registry.yarnpkg.com/css-declaration-sorter/-/css-declaration-sorter-5.0.0.tgz#1be7a3a952496e62ca37d78337fbc71e9c1b555c"
  integrity sha512-fV2UbCPWaT9IAD9s9a2+H2SHU9IYImR9le/BIgOkxKLp4F0pN+fkorqT2EO+8Kti8kbEkLLceKkmQI+DE5h/DQ==
  dependencies:
    postcss "^7.0.25"
    timsort "^0.3.0"

css-select-base-adapter@^0.1.1:
  version "0.1.1"
  resolved "https://registry.yarnpkg.com/css-select-base-adapter/-/css-select-base-adapter-0.1.1.tgz#3b2ff4972cc362ab88561507a95408a1432135d7"
  integrity sha512-jQVeeRG70QI08vSTwf1jHxp74JoZsr2XSgETae8/xC8ovSnL2WF87GTLO86Sbwdt2lK4Umg4HnnwMO4YF3Ce7w==

css-select@^2.0.0:
  version "2.1.0"
  resolved "https://registry.yarnpkg.com/css-select/-/css-select-2.1.0.tgz#6a34653356635934a81baca68d0255432105dbef"
  integrity sha512-Dqk7LQKpwLoH3VovzZnkzegqNSuAziQyNZUcrdDM401iY+R5NkGBXGmtO05/yaXQziALuPogeG0b7UAgjnTJTQ==
  dependencies:
    boolbase "^1.0.0"
    css-what "^3.2.1"
    domutils "^1.7.0"
    nth-check "^1.0.2"

css-tree@1.0.0-alpha.37:
  version "1.0.0-alpha.37"
  resolved "https://registry.yarnpkg.com/css-tree/-/css-tree-1.0.0-alpha.37.tgz#98bebd62c4c1d9f960ec340cf9f7522e30709a22"
  integrity sha512-DMxWJg0rnz7UgxKT0Q1HU/L9BeJI0M6ksor0OgqOnF+aRCDWg/N2641HmVyU9KVIu0OVVWOb2IpC9A+BJRnejg==
  dependencies:
    mdn-data "2.0.4"
    source-map "^0.6.1"

css-unit-converter@^1.1.1:
  version "1.1.1"
  resolved "https://registry.yarnpkg.com/css-unit-converter/-/css-unit-converter-1.1.1.tgz#d9b9281adcfd8ced935bdbaba83786897f64e996"
  integrity sha1-2bkoGtz9jO2TW9urqDeGiX9k6ZY=

css-what@^3.2.1:
  version "3.2.1"
  resolved "https://registry.yarnpkg.com/css-what/-/css-what-3.2.1.tgz#f4a8f12421064621b456755e34a03a2c22df5da1"
  integrity sha512-WwOrosiQTvyms+Ti5ZC5vGEK0Vod3FTt1ca+payZqvKuGJF+dq7bG63DstxtN0dpm6FxY27a/zS3Wten+gEtGw==

cssesc@^2.0.0:
  version "2.0.0"
  resolved "https://registry.yarnpkg.com/cssesc/-/cssesc-2.0.0.tgz#3b13bd1bb1cb36e1bcb5a4dcd27f54c5dcb35703"
  integrity sha512-MsCAG1z9lPdoO/IUMLSBWBSVxVtJ1395VGIQ+Fc2gNdkQ1hNDnQdw3YhA71WJCBW1vdwA0cAnk/DnW6bqoEUYg==

cssnano-util-get-arguments@^4.0.0:
  version "4.0.0"
  resolved "https://registry.yarnpkg.com/cssnano-util-get-arguments/-/cssnano-util-get-arguments-4.0.0.tgz#ed3a08299f21d75741b20f3b81f194ed49cc150f"
  integrity sha1-7ToIKZ8h11dBsg87gfGU7UnMFQ8=

cssnano-util-get-match@^4.0.0:
  version "4.0.0"
  resolved "https://registry.yarnpkg.com/cssnano-util-get-match/-/cssnano-util-get-match-4.0.0.tgz#c0e4ca07f5386bb17ec5e52250b4f5961365156d"
  integrity sha1-wOTKB/U4a7F+xeUiULT1lhNlFW0=

cssnano-util-raw-cache@^4.0.1:
  version "4.0.1"
  resolved "https://registry.yarnpkg.com/cssnano-util-raw-cache/-/cssnano-util-raw-cache-4.0.1.tgz#b26d5fd5f72a11dfe7a7846fb4c67260f96bf282"
  integrity sha512-qLuYtWK2b2Dy55I8ZX3ky1Z16WYsx544Q0UWViebptpwn/xDBmog2TLg4f+DBMg1rJ6JDWtn96WHbOKDWt1WQA==
  dependencies:
    postcss "^7.0.0"

cssnano-util-same-parent@^4.0.0:
  version "4.0.1"
  resolved "https://registry.yarnpkg.com/cssnano-util-same-parent/-/cssnano-util-same-parent-4.0.1.tgz#574082fb2859d2db433855835d9a8456ea18bbf3"
  integrity sha512-WcKx5OY+KoSIAxBW6UBBRay1U6vkYheCdjyVNDm85zt5K9mHoGOfsOsqIszfAqrQQFIIKgjh2+FDgIj/zsl21Q==

csso@^4.0.2:
  version "4.0.2"
  resolved "https://registry.yarnpkg.com/csso/-/csso-4.0.2.tgz#e5f81ab3a56b8eefb7f0092ce7279329f454de3d"
  integrity sha512-kS7/oeNVXkHWxby5tHVxlhjizRCSv8QdU7hB2FpdAibDU8FjTAolhNjKNTiLzXtUrKT6HwClE81yXwEk1309wg==
  dependencies:
    css-tree "1.0.0-alpha.37"

define-properties@^1.1.2, define-properties@^1.1.3:
  version "1.1.3"
  resolved "https://registry.yarnpkg.com/define-properties/-/define-properties-1.1.3.tgz#cf88da6cbee26fe6db7094f61d870cbd84cee9f1"
  integrity sha512-3MqfYKj2lLzdMSf8ZIZE/V+Zuy+BgD6f164e8K2w7dgnpKArBDerGYpM46IYYcjnkdPNMjPk9A6VFB8+3SKlXQ==
  dependencies:
    object-keys "^1.0.12"

dom-serializer@0:
  version "0.2.2"
  resolved "https://registry.yarnpkg.com/dom-serializer/-/dom-serializer-0.2.2.tgz#1afb81f533717175d478655debc5e332d9f9bb51"
  integrity sha512-2/xPb3ORsQ42nHYiSunXkDjPLBaEj/xTwUO4B7XCZQTRk7EBtTOPaygh10YAAh2OI1Qrp6NWfpAhzswj0ydt9g==
  dependencies:
    domelementtype "^2.0.1"
    entities "^2.0.0"

domelementtype@1:
  version "1.3.1"
  resolved "https://registry.yarnpkg.com/domelementtype/-/domelementtype-1.3.1.tgz#d048c44b37b0d10a7f2a3d5fee3f4333d790481f"
  integrity sha512-BSKB+TSpMpFI/HOxCNr1O8aMOTZ8hT3pM3GQ0w/mWRmkhEDSFJkkyzz4XQsBV44BChwGkrDfMyjVD0eA2aFV3w==

domelementtype@^2.0.1:
  version "2.0.1"
  resolved "https://registry.yarnpkg.com/domelementtype/-/domelementtype-2.0.1.tgz#1f8bdfe91f5a78063274e803b4bdcedf6e94f94d"
  integrity sha512-5HOHUDsYZWV8FGWN0Njbr/Rn7f/eWSQi1v7+HsUVwXgn8nWWlL64zKDkS0n8ZmQ3mlWOMuXOnR+7Nx/5tMO5AQ==

domutils@^1.7.0:
  version "1.7.0"
  resolved "https://registry.yarnpkg.com/domutils/-/domutils-1.7.0.tgz#56ea341e834e06e6748af7a1cb25da67ea9f8c2a"
  integrity sha512-Lgd2XcJ/NjEw+7tFvfKxOzCYKZsdct5lczQ2ZaQY8Djz7pfAD3Gbp8ySJWtreII/vDlMVmxwa6pHmdxIYgttDg==
  dependencies:
    dom-serializer "0"
    domelementtype "1"

dot-prop@^4.1.1:
  version "4.2.0"
  resolved "https://registry.yarnpkg.com/dot-prop/-/dot-prop-4.2.0.tgz#1f19e0c2e1aa0e32797c49799f2837ac6af69c57"
  integrity sha512-tUMXrxlExSW6U2EXiiKGSBVdYgtV8qlHL+C10TsW4PURY/ic+eaysnSkwB4kA/mBlCyy/IKDJ+Lc3wbWeaXtuQ==
  dependencies:
    is-obj "^1.0.0"

electron-to-chromium@^1.3.322:
  version "1.3.322"
  resolved "https://registry.yarnpkg.com/electron-to-chromium/-/electron-to-chromium-1.3.322.tgz#a6f7e1c79025c2b05838e8e344f6e89eb83213a8"
  integrity sha512-Tc8JQEfGQ1MzfSzI/bTlSr7btJv/FFO7Yh6tanqVmIWOuNCu6/D1MilIEgLtmWqIrsv+o4IjpLAhgMBr/ncNAA==

entities@^2.0.0:
  version "2.0.0"
  resolved "https://registry.yarnpkg.com/entities/-/entities-2.0.0.tgz#68d6084cab1b079767540d80e56a39b423e4abf4"
  integrity sha512-D9f7V0JSRwIxlRI2mjMqufDrRDnx8p+eEOz7aUM9SuvF8gsBzra0/6tbjl1m8eQHrZlYj6PxqE00hZ1SAIKPLw==

es-abstract@^1.17.0-next.1:
  version "1.17.0-next.1"
  resolved "https://registry.yarnpkg.com/es-abstract/-/es-abstract-1.17.0-next.1.tgz#94acc93e20b05a6e96dacb5ab2f1cb3a81fc2172"
  integrity sha512-7MmGr03N7Rnuid6+wyhD9sHNE2n4tFSwExnU2lQl3lIo2ShXWGePY80zYaoMOmILWv57H0amMjZGHNzzGG70Rw==
  dependencies:
    es-to-primitive "^1.2.1"
    function-bind "^1.1.1"
    has "^1.0.3"
    has-symbols "^1.0.1"
    is-callable "^1.1.4"
    is-regex "^1.0.4"
    object-inspect "^1.7.0"
    object-keys "^1.1.1"
    object.assign "^4.1.0"
    string.prototype.trimleft "^2.1.0"
    string.prototype.trimright "^2.1.0"

es-to-primitive@^1.2.1:
  version "1.2.1"
  resolved "https://registry.yarnpkg.com/es-to-primitive/-/es-to-primitive-1.2.1.tgz#e55cd4c9cdc188bcefb03b366c736323fc5c898a"
  integrity sha512-QCOllgZJtaUo9miYBcLChTUaHNjJF3PYs1VidD7AwiEj1kYxKeQTctLAezAOH5ZKRH0g2IgPn6KwB4IT8iRpvA==
  dependencies:
    is-callable "^1.1.4"
    is-date-object "^1.0.1"
    is-symbol "^1.0.2"

escape-string-regexp@^1.0.5:
  version "1.0.5"
  resolved "https://registry.yarnpkg.com/escape-string-regexp/-/escape-string-regexp-1.0.5.tgz#1b61c0562190a8dff6ae3bb2cf0200ca130b86d4"
  integrity sha1-G2HAViGQqN/2rjuyzwIAyhMLhtQ=

esprima@^4.0.0:
  version "4.0.1"
  resolved "https://registry.yarnpkg.com/esprima/-/esprima-4.0.1.tgz#13b04cdb3e6c5d19df91ab6987a8695619b0aa71"
  integrity sha512-eGuFFw7Upda+g4p+QHvnW0RyTX/SVeJBDM/gCtMARO0cLuT2HcEKnTPvhjV6aGeqrCB/sbNop0Kszm0jsaWU4A==

function-bind@^1.1.1:
  version "1.1.1"
  resolved "https://registry.yarnpkg.com/function-bind/-/function-bind-1.1.1.tgz#a56899d3ea3c9bab874bb9773b7c5ede92f4895d"
  integrity sha512-yIovAzMX49sF8Yl58fSCWJ5svSLuaibPxXQJFLmBObTuCr0Mf1KiPopGM9NiFjiYBCbfaa2Fh6breQ6ANVTI0A==

has-flag@^3.0.0:
  version "3.0.0"
  resolved "https://registry.yarnpkg.com/has-flag/-/has-flag-3.0.0.tgz#b5d454dc2199ae225699f3467e5a07f3b955bafd"
  integrity sha1-tdRU3CGZriJWmfNGfloH87lVuv0=

has-symbols@^1.0.0, has-symbols@^1.0.1:
  version "1.0.1"
  resolved "https://registry.yarnpkg.com/has-symbols/-/has-symbols-1.0.1.tgz#9f5214758a44196c406d9bd76cebf81ec2dd31e8"
  integrity sha512-PLcsoqu++dmEIZB+6totNFKq/7Do+Z0u4oT0zKOJNl3lYK6vGwwu2hjHs+68OEZbTjiUE9bgOABXbP/GvrS0Kg==

has@^1.0.0, has@^1.0.3:
  version "1.0.3"
  resolved "https://registry.yarnpkg.com/has/-/has-1.0.3.tgz#722d7cbfc1f6aa8241f16dd814e011e1f41e8796"
  integrity sha512-f2dvO0VU6Oej7RkWJGrehjbzMAjFp5/VKPp5tTpWIV4JHHZK1/BxbFRtf/siA2SWTe09caDmVtYYzWEIbBS4zw==
  dependencies:
    function-bind "^1.1.1"

hex-color-regex@^1.1.0:
  version "1.1.0"
  resolved "https://registry.yarnpkg.com/hex-color-regex/-/hex-color-regex-1.1.0.tgz#4c06fccb4602fe2602b3c93df82d7e7dbf1a8a8e"
  integrity sha512-l9sfDFsuqtOqKDsQdqrMRk0U85RZc0RtOR9yPI7mRVOa4FsR/BVnZ0shmQRM96Ji99kYZP/7hn1cedc1+ApsTQ==

hsl-regex@^1.0.0:
  version "1.0.0"
  resolved "https://registry.yarnpkg.com/hsl-regex/-/hsl-regex-1.0.0.tgz#d49330c789ed819e276a4c0d272dffa30b18fe6e"
  integrity sha1-1JMwx4ntgZ4nakwNJy3/owsY/m4=

hsla-regex@^1.0.0:
  version "1.0.0"
  resolved "https://registry.yarnpkg.com/hsla-regex/-/hsla-regex-1.0.0.tgz#c1ce7a3168c8c6614033a4b5f7877f3b225f9c38"
  integrity sha1-wc56MWjIxmFAM6S194d/OyJfnDg=

html-comment-regex@^1.1.0:
  version "1.1.2"
  resolved "https://registry.yarnpkg.com/html-comment-regex/-/html-comment-regex-1.1.2.tgz#97d4688aeb5c81886a364faa0cad1dda14d433a7"
  integrity sha512-P+M65QY2JQ5Y0G9KKdlDpo0zK+/OHptU5AaBwUfAIDJZk1MYf32Frm84EcOytfJE0t5JvkAnKlmjsXDnWzCJmQ==

indexes-of@^1.0.1:
  version "1.0.1"
  resolved "https://registry.yarnpkg.com/indexes-of/-/indexes-of-1.0.1.tgz#f30f716c8e2bd346c7b67d3df3915566a7c05607"
  integrity sha1-8w9xbI4r00bHtn0985FVZqfAVgc=

is-absolute-url@^2.0.0:
  version "2.1.0"
  resolved "https://registry.yarnpkg.com/is-absolute-url/-/is-absolute-url-2.1.0.tgz#50530dfb84fcc9aa7dbe7852e83a37b93b9f2aa6"
  integrity sha1-UFMN+4T8yap9vnhS6Do3uTufKqY=

is-arrayish@^0.3.1:
  version "0.3.2"
  resolved "https://registry.yarnpkg.com/is-arrayish/-/is-arrayish-0.3.2.tgz#4574a2ae56f7ab206896fb431eaeed066fdf8f03"
  integrity sha512-eVRqCvVlZbuw3GrM63ovNSNAeA1K16kaR/LRY/92w0zxQ5/1YzwblUX652i4Xs9RwAGjW9d9y6X88t8OaAJfWQ==

is-callable@^1.1.4:
  version "1.1.4"
  resolved "https://registry.yarnpkg.com/is-callable/-/is-callable-1.1.4.tgz#1e1adf219e1eeb684d691f9d6a05ff0d30a24d75"
  integrity sha512-r5p9sxJjYnArLjObpjA4xu5EKI3CuKHkJXMhT7kwbpUyIFD1n5PMAsoPvWnvtZiNz7LjkYDRZhd7FlI0eMijEA==

is-color-stop@^1.0.0:
  version "1.1.0"
  resolved "https://registry.yarnpkg.com/is-color-stop/-/is-color-stop-1.1.0.tgz#cfff471aee4dd5c9e158598fbe12967b5cdad345"
  integrity sha1-z/9HGu5N1cnhWFmPvhKWe1za00U=
  dependencies:
    css-color-names "^0.0.4"
    hex-color-regex "^1.1.0"
    hsl-regex "^1.0.0"
    hsla-regex "^1.0.0"
    rgb-regex "^1.0.1"
    rgba-regex "^1.0.0"

is-date-object@^1.0.1:
  version "1.0.1"
  resolved "https://registry.yarnpkg.com/is-date-object/-/is-date-object-1.0.1.tgz#9aa20eb6aeebbff77fbd33e74ca01b33581d3a16"
  integrity sha1-mqIOtq7rv/d/vTPnTKAbM1gdOhY=

is-obj@^1.0.0:
  version "1.0.1"
  resolved "https://registry.yarnpkg.com/is-obj/-/is-obj-1.0.1.tgz#3e4729ac1f5fde025cd7d83a896dab9f4f67db0f"
  integrity sha1-PkcprB9f3gJc19g6iW2rn09n2w8=

is-regex@^1.0.4:
  version "1.0.5"
  resolved "https://registry.yarnpkg.com/is-regex/-/is-regex-1.0.5.tgz#39d589a358bf18967f726967120b8fc1aed74eae"
  integrity sha512-vlKW17SNq44owv5AQR3Cq0bQPEb8+kF3UKZ2fiZNOWtztYE5i0CzCZxFDwO58qAOWtxdBRVO/V5Qin1wjCqFYQ==
  dependencies:
    has "^1.0.3"

is-svg@^3.0.0:
  version "3.0.0"
  resolved "https://registry.yarnpkg.com/is-svg/-/is-svg-3.0.0.tgz#9321dbd29c212e5ca99c4fa9794c714bcafa2f75"
  integrity sha512-gi4iHK53LR2ujhLVVj+37Ykh9GLqYHX6JOVXbLAucaG/Cqw9xwdFOjDM2qeifLs1sF1npXXFvDu0r5HNgCMrzQ==
  dependencies:
    html-comment-regex "^1.1.0"

is-symbol@^1.0.2:
  version "1.0.3"
  resolved "https://registry.yarnpkg.com/is-symbol/-/is-symbol-1.0.3.tgz#38e1014b9e6329be0de9d24a414fd7441ec61937"
  integrity sha512-OwijhaRSgqvhm/0ZdAcXNZt9lYdKFpcRDT5ULUuYXPoT794UNOdU+gpT6Rzo7b4V2HUl/op6GqY894AZwv9faQ==
  dependencies:
    has-symbols "^1.0.1"

js-yaml@^3.13.1:
  version "3.13.1"
  resolved "https://registry.yarnpkg.com/js-yaml/-/js-yaml-3.13.1.tgz#aff151b30bfdfa8e49e05da22e7415e9dfa37847"
  integrity sha512-YfbcO7jXDdyj0DGxYVSlSeQNHbD7XPWvrVWeVUujrQEoZzWJIRrCPoyk6kL6IAjAG2IolMK4T0hNUe0HOUs5Jw==
  dependencies:
    argparse "^1.0.7"
    esprima "^4.0.0"

lodash.memoize@^4.1.2:
  version "4.1.2"
  resolved "https://registry.yarnpkg.com/lodash.memoize/-/lodash.memoize-4.1.2.tgz#bcc6c49a42a2840ed997f323eada5ecd182e0bfe"
  integrity sha1-vMbEmkKihA7Zl/Mj6tpezRguC/4=

lodash.uniq@^4.5.0:
  version "4.5.0"
  resolved "https://registry.yarnpkg.com/lodash.uniq/-/lodash.uniq-4.5.0.tgz#d0225373aeb652adc1bc82e4945339a842754773"
  integrity sha1-0CJTc662Uq3BvILklFM5qEJ1R3M=

mdn-data@2.0.4:
  version "2.0.4"
  resolved "https://registry.yarnpkg.com/mdn-data/-/mdn-data-2.0.4.tgz#699b3c38ac6f1d728091a64650b65d388502fd5b"
  integrity sha512-iV3XNKw06j5Q7mi6h+9vbx23Tv7JkjEVgKHW4pimwyDGWm0OIQntJJ+u1C6mg6mK1EaTv42XQ7w76yuzH7M2cA==

minimist@0.0.8:
  version "0.0.8"
  resolved "https://registry.yarnpkg.com/minimist/-/minimist-0.0.8.tgz#857fcabfc3397d2625b8228262e86aa7a011b05d"
  integrity sha1-hX/Kv8M5fSYluCKCYuhqp6ARsF0=

mkdirp@~0.5.1:
  version "0.5.1"
  resolved "https://registry.yarnpkg.com/mkdirp/-/mkdirp-0.5.1.tgz#30057438eac6cf7f8c4767f38648d6697d75c903"
  integrity sha1-MAV0OOrGz3+MR2fzhkjWaX11yQM=
  dependencies:
    minimist "0.0.8"

node-releases@^1.1.42:
  version "1.1.42"
  resolved "https://registry.yarnpkg.com/node-releases/-/node-releases-1.1.42.tgz#a999f6a62f8746981f6da90627a8d2fc090bbad7"
  integrity sha512-OQ/ESmUqGawI2PRX+XIRao44qWYBBfN54ImQYdWVTQqUckuejOg76ysSqDBK8NG3zwySRVnX36JwDQ6x+9GxzA==
  dependencies:
    semver "^6.3.0"

normalize-url@^3.0.0:
  version "3.3.0"
  resolved "https://registry.yarnpkg.com/normalize-url/-/normalize-url-3.3.0.tgz#b2e1c4dc4f7c6d57743df733a4f5978d18650559"
  integrity sha512-U+JJi7duF1o+u2pynbp2zXDW2/PADgC30f0GsHZtRh+HOcXHnw137TrNlyxxRvWW5fjKd3bcLHPxofWuCjaeZg==

nth-check@^1.0.2:
  version "1.0.2"
  resolved "https://registry.yarnpkg.com/nth-check/-/nth-check-1.0.2.tgz#b2bd295c37e3dd58a3bf0700376663ba4d9cf05c"
  integrity sha512-WeBOdju8SnzPN5vTUJYxYUxLeXpCaVP5i5e0LF8fg7WORF2Wd7wFX/pk0tYZk7s8T+J7VLy0Da6J1+wCT0AtHg==
  dependencies:
    boolbase "~1.0.0"

object-inspect@^1.7.0:
  version "1.7.0"
  resolved "https://registry.yarnpkg.com/object-inspect/-/object-inspect-1.7.0.tgz#f4f6bd181ad77f006b5ece60bd0b6f398ff74a67"
  integrity sha512-a7pEHdh1xKIAgTySUGgLMx/xwDZskN1Ud6egYYN3EdRW4ZMPNEDUTF+hwy2LUC+Bl+SyLXANnwz/jyh/qutKUw==

object-keys@^1.0.11, object-keys@^1.0.12, object-keys@^1.1.1:
  version "1.1.1"
  resolved "https://registry.yarnpkg.com/object-keys/-/object-keys-1.1.1.tgz#1c47f272df277f3b1daf061677d9c82e2322c60e"
  integrity sha512-NuAESUOUMrlIXOfHKzD6bpPu3tYt3xvjNdRIQ+FeT0lNb4K8WR70CaDxhuNguS2XG+GjkyMwOzsN5ZktImfhLA==

object.assign@^4.1.0:
  version "4.1.0"
  resolved "https://registry.yarnpkg.com/object.assign/-/object.assign-4.1.0.tgz#968bf1100d7956bb3ca086f006f846b3bc4008da"
  integrity sha512-exHJeq6kBKj58mqGyTQ9DFvrZC/eR6OwxzoM9YRoGBqrXYonaFyGiFMuc9VZrXf7DarreEwMpurG3dd+CNyW5w==
  dependencies:
    define-properties "^1.1.2"
    function-bind "^1.1.1"
    has-symbols "^1.0.0"
    object-keys "^1.0.11"

object.getownpropertydescriptors@^2.0.3:
  version "2.1.0"
  resolved "https://registry.yarnpkg.com/object.getownpropertydescriptors/-/object.getownpropertydescriptors-2.1.0.tgz#369bf1f9592d8ab89d712dced5cb81c7c5352649"
  integrity sha512-Z53Oah9A3TdLoblT7VKJaTDdXdT+lQO+cNpKVnya5JDe9uLvzu1YyY1yFDFrcxrlRgWrEFH0jJtD/IbuwjcEVg==
  dependencies:
    define-properties "^1.1.3"
    es-abstract "^1.17.0-next.1"

object.values@^1.1.0:
  version "1.1.1"
  resolved "https://registry.yarnpkg.com/object.values/-/object.values-1.1.1.tgz#68a99ecde356b7e9295a3c5e0ce31dc8c953de5e"
  integrity sha512-WTa54g2K8iu0kmS/us18jEmdv1a4Wi//BZ/DTVYEcH0XhLM5NYdpDHja3gt57VrZLcNAO2WGA+KpWsDBaHt6eA==
  dependencies:
    define-properties "^1.1.3"
    es-abstract "^1.17.0-next.1"
    function-bind "^1.1.1"
    has "^1.0.3"

postcss-calc@^7.0.1:
  version "7.0.1"
  resolved "https://registry.yarnpkg.com/postcss-calc/-/postcss-calc-7.0.1.tgz#36d77bab023b0ecbb9789d84dcb23c4941145436"
  integrity sha512-oXqx0m6tb4N3JGdmeMSc/i91KppbYsFZKdH0xMOqK8V1rJlzrKlTdokz8ozUXLVejydRN6u2IddxpcijRj2FqQ==
  dependencies:
    css-unit-converter "^1.1.1"
    postcss "^7.0.5"
    postcss-selector-parser "^5.0.0-rc.4"
    postcss-value-parser "^3.3.1"

postcss-colormin@^4.0.3:
  version "4.0.3"
  resolved "https://registry.yarnpkg.com/postcss-colormin/-/postcss-colormin-4.0.3.tgz#ae060bce93ed794ac71264f08132d550956bd381"
  integrity sha512-WyQFAdDZpExQh32j0U0feWisZ0dmOtPl44qYmJKkq9xFWY3p+4qnRzCHeNrkeRhwPHz9bQ3mo0/yVkaply0MNw==
  dependencies:
    browserslist "^4.0.0"
    color "^3.0.0"
    has "^1.0.0"
    postcss "^7.0.0"
    postcss-value-parser "^3.0.0"

postcss-convert-values@^4.0.1:
  version "4.0.1"
  resolved "https://registry.yarnpkg.com/postcss-convert-values/-/postcss-convert-values-4.0.1.tgz#ca3813ed4da0f812f9d43703584e449ebe189a7f"
  integrity sha512-Kisdo1y77KUC0Jmn0OXU/COOJbzM8cImvw1ZFsBgBgMgb1iL23Zs/LXRe3r+EZqM3vGYKdQ2YJVQ5VkJI+zEJQ==
  dependencies:
    postcss "^7.0.0"
    postcss-value-parser "^3.0.0"

postcss-discard-comments@^4.0.2:
  version "4.0.2"
  resolved "https://registry.yarnpkg.com/postcss-discard-comments/-/postcss-discard-comments-4.0.2.tgz#1fbabd2c246bff6aaad7997b2b0918f4d7af4033"
  integrity sha512-RJutN259iuRf3IW7GZyLM5Sw4GLTOH8FmsXBnv8Ab/Tc2k4SR4qbV4DNbyyY4+Sjo362SyDmW2DQ7lBSChrpkg==
  dependencies:
    postcss "^7.0.0"

postcss-discard-duplicates@^4.0.2:
  version "4.0.2"
  resolved "https://registry.yarnpkg.com/postcss-discard-duplicates/-/postcss-discard-duplicates-4.0.2.tgz#3fe133cd3c82282e550fc9b239176a9207b784eb"
  integrity sha512-ZNQfR1gPNAiXZhgENFfEglF93pciw0WxMkJeVmw8eF+JZBbMD7jp6C67GqJAXVZP2BWbOztKfbsdmMp/k8c6oQ==
  dependencies:
    postcss "^7.0.0"

postcss-discard-empty@^4.0.1:
  version "4.0.1"
  resolved "https://registry.yarnpkg.com/postcss-discard-empty/-/postcss-discard-empty-4.0.1.tgz#c8c951e9f73ed9428019458444a02ad90bb9f765"
  integrity sha512-B9miTzbznhDjTfjvipfHoqbWKwd0Mj+/fL5s1QOz06wufguil+Xheo4XpOnc4NqKYBCNqqEzgPv2aPBIJLox0w==
  dependencies:
    postcss "^7.0.0"

postcss-discard-overridden@^4.0.1:
  version "4.0.1"
  resolved "https://registry.yarnpkg.com/postcss-discard-overridden/-/postcss-discard-overridden-4.0.1.tgz#652aef8a96726f029f5e3e00146ee7a4e755ff57"
  integrity sha512-IYY2bEDD7g1XM1IDEsUT4//iEYCxAmP5oDSFMVU/JVvT7gh+l4fmjciLqGgwjdWpQIdb0Che2VX00QObS5+cTg==
  dependencies:
    postcss "^7.0.0"

postcss-merge-longhand@^4.0.11:
  version "4.0.11"
  resolved "https://registry.yarnpkg.com/postcss-merge-longhand/-/postcss-merge-longhand-4.0.11.tgz#62f49a13e4a0ee04e7b98f42bb16062ca2549e24"
  integrity sha512-alx/zmoeXvJjp7L4mxEMjh8lxVlDFX1gqWHzaaQewwMZiVhLo42TEClKaeHbRf6J7j82ZOdTJ808RtN0ZOZwvw==
  dependencies:
    css-color-names "0.0.4"
    postcss "^7.0.0"
    postcss-value-parser "^3.0.0"
    stylehacks "^4.0.0"

postcss-merge-rules@^4.0.3:
  version "4.0.3"
  resolved "https://registry.yarnpkg.com/postcss-merge-rules/-/postcss-merge-rules-4.0.3.tgz#362bea4ff5a1f98e4075a713c6cb25aefef9a650"
  integrity sha512-U7e3r1SbvYzO0Jr3UT/zKBVgYYyhAz0aitvGIYOYK5CPmkNih+WDSsS5tvPrJ8YMQYlEMvsZIiqmn7HdFUaeEQ==
  dependencies:
    browserslist "^4.0.0"
    caniuse-api "^3.0.0"
    cssnano-util-same-parent "^4.0.0"
    postcss "^7.0.0"
    postcss-selector-parser "^3.0.0"
    vendors "^1.0.0"

postcss-minify-font-values@^4.0.2:
  version "4.0.2"
  resolved "https://registry.yarnpkg.com/postcss-minify-font-values/-/postcss-minify-font-values-4.0.2.tgz#cd4c344cce474343fac5d82206ab2cbcb8afd5a6"
  integrity sha512-j85oO6OnRU9zPf04+PZv1LYIYOprWm6IA6zkXkrJXyRveDEuQggG6tvoy8ir8ZwjLxLuGfNkCZEQG7zan+Hbtg==
  dependencies:
    postcss "^7.0.0"
    postcss-value-parser "^3.0.0"

postcss-minify-gradients@^4.0.2:
  version "4.0.2"
  resolved "https://registry.yarnpkg.com/postcss-minify-gradients/-/postcss-minify-gradients-4.0.2.tgz#93b29c2ff5099c535eecda56c4aa6e665a663471"
  integrity sha512-qKPfwlONdcf/AndP1U8SJ/uzIJtowHlMaSioKzebAXSG4iJthlWC9iSWznQcX4f66gIWX44RSA841HTHj3wK+Q==
  dependencies:
    cssnano-util-get-arguments "^4.0.0"
    is-color-stop "^1.0.0"
    postcss "^7.0.0"
    postcss-value-parser "^3.0.0"

postcss-minify-params@^4.0.2:
  version "4.0.2"
  resolved "https://registry.yarnpkg.com/postcss-minify-params/-/postcss-minify-params-4.0.2.tgz#6b9cef030c11e35261f95f618c90036d680db874"
  integrity sha512-G7eWyzEx0xL4/wiBBJxJOz48zAKV2WG3iZOqVhPet/9geefm/Px5uo1fzlHu+DOjT+m0Mmiz3jkQzVHe6wxAWg==
  dependencies:
    alphanum-sort "^1.0.0"
    browserslist "^4.0.0"
    cssnano-util-get-arguments "^4.0.0"
    postcss "^7.0.0"
    postcss-value-parser "^3.0.0"
    uniqs "^2.0.0"

postcss-minify-selectors@^4.0.2:
  version "4.0.2"
  resolved "https://registry.yarnpkg.com/postcss-minify-selectors/-/postcss-minify-selectors-4.0.2.tgz#e2e5eb40bfee500d0cd9243500f5f8ea4262fbd8"
  integrity sha512-D5S1iViljXBj9kflQo4YutWnJmwm8VvIsU1GeXJGiG9j8CIg9zs4voPMdQDUmIxetUOh60VilsNzCiAFTOqu3g==
  dependencies:
    alphanum-sort "^1.0.0"
    has "^1.0.0"
    postcss "^7.0.0"
    postcss-selector-parser "^3.0.0"

postcss-normalize-charset@^4.0.1:
  version "4.0.1"
  resolved "https://registry.yarnpkg.com/postcss-normalize-charset/-/postcss-normalize-charset-4.0.1.tgz#8b35add3aee83a136b0471e0d59be58a50285dd4"
  integrity sha512-gMXCrrlWh6G27U0hF3vNvR3w8I1s2wOBILvA87iNXaPvSNo5uZAMYsZG7XjCUf1eVxuPfyL4TJ7++SGZLc9A3g==
  dependencies:
    postcss "^7.0.0"

postcss-normalize-display-values@^4.0.2:
  version "4.0.2"
  resolved "https://registry.yarnpkg.com/postcss-normalize-display-values/-/postcss-normalize-display-values-4.0.2.tgz#0dbe04a4ce9063d4667ed2be476bb830c825935a"
  integrity sha512-3F2jcsaMW7+VtRMAqf/3m4cPFhPD3EFRgNs18u+k3lTJJlVe7d0YPO+bnwqo2xg8YiRpDXJI2u8A0wqJxMsQuQ==
  dependencies:
    cssnano-util-get-match "^4.0.0"
    postcss "^7.0.0"
    postcss-value-parser "^3.0.0"

postcss-normalize-positions@^4.0.2:
  version "4.0.2"
  resolved "https://registry.yarnpkg.com/postcss-normalize-positions/-/postcss-normalize-positions-4.0.2.tgz#05f757f84f260437378368a91f8932d4b102917f"
  integrity sha512-Dlf3/9AxpxE+NF1fJxYDeggi5WwV35MXGFnnoccP/9qDtFrTArZ0D0R+iKcg5WsUd8nUYMIl8yXDCtcrT8JrdA==
  dependencies:
    cssnano-util-get-arguments "^4.0.0"
    has "^1.0.0"
    postcss "^7.0.0"
    postcss-value-parser "^3.0.0"

postcss-normalize-repeat-style@^4.0.2:
  version "4.0.2"
  resolved "https://registry.yarnpkg.com/postcss-normalize-repeat-style/-/postcss-normalize-repeat-style-4.0.2.tgz#c4ebbc289f3991a028d44751cbdd11918b17910c"
  integrity sha512-qvigdYYMpSuoFs3Is/f5nHdRLJN/ITA7huIoCyqqENJe9PvPmLhNLMu7QTjPdtnVf6OcYYO5SHonx4+fbJE1+Q==
  dependencies:
    cssnano-util-get-arguments "^4.0.0"
    cssnano-util-get-match "^4.0.0"
    postcss "^7.0.0"
    postcss-value-parser "^3.0.0"

postcss-normalize-string@^4.0.2:
  version "4.0.2"
  resolved "https://registry.yarnpkg.com/postcss-normalize-string/-/postcss-normalize-string-4.0.2.tgz#cd44c40ab07a0c7a36dc5e99aace1eca4ec2690c"
  integrity sha512-RrERod97Dnwqq49WNz8qo66ps0swYZDSb6rM57kN2J+aoyEAJfZ6bMx0sx/F9TIEX0xthPGCmeyiam/jXif0eA==
  dependencies:
    has "^1.0.0"
    postcss "^7.0.0"
    postcss-value-parser "^3.0.0"

postcss-normalize-timing-functions@^4.0.2:
  version "4.0.2"
  resolved "https://registry.yarnpkg.com/postcss-normalize-timing-functions/-/postcss-normalize-timing-functions-4.0.2.tgz#8e009ca2a3949cdaf8ad23e6b6ab99cb5e7d28d9"
  integrity sha512-acwJY95edP762e++00Ehq9L4sZCEcOPyaHwoaFOhIwWCDfik6YvqsYNxckee65JHLKzuNSSmAdxwD2Cud1Z54A==
  dependencies:
    cssnano-util-get-match "^4.0.0"
    postcss "^7.0.0"
    postcss-value-parser "^3.0.0"

postcss-normalize-unicode@^4.0.1:
  version "4.0.1"
  resolved "https://registry.yarnpkg.com/postcss-normalize-unicode/-/postcss-normalize-unicode-4.0.1.tgz#841bd48fdcf3019ad4baa7493a3d363b52ae1cfb"
  integrity sha512-od18Uq2wCYn+vZ/qCOeutvHjB5jm57ToxRaMeNuf0nWVHaP9Hua56QyMF6fs/4FSUnVIw0CBPsU0K4LnBPwYwg==
  dependencies:
    browserslist "^4.0.0"
    postcss "^7.0.0"
    postcss-value-parser "^3.0.0"

postcss-normalize-url@^4.0.1:
  version "4.0.1"
  resolved "https://registry.yarnpkg.com/postcss-normalize-url/-/postcss-normalize-url-4.0.1.tgz#10e437f86bc7c7e58f7b9652ed878daaa95faae1"
  integrity sha512-p5oVaF4+IHwu7VpMan/SSpmpYxcJMtkGppYf0VbdH5B6hN8YNmVyJLuY9FmLQTzY3fag5ESUUHDqM+heid0UVA==
  dependencies:
    is-absolute-url "^2.0.0"
    normalize-url "^3.0.0"
    postcss "^7.0.0"
    postcss-value-parser "^3.0.0"

postcss-normalize-whitespace@^4.0.2:
  version "4.0.2"
  resolved "https://registry.yarnpkg.com/postcss-normalize-whitespace/-/postcss-normalize-whitespace-4.0.2.tgz#bf1d4070fe4fcea87d1348e825d8cc0c5faa7d82"
  integrity sha512-tO8QIgrsI3p95r8fyqKV+ufKlSHh9hMJqACqbv2XknufqEDhDvbguXGBBqxw9nsQoXWf0qOqppziKJKHMD4GtA==
  dependencies:
    postcss "^7.0.0"
    postcss-value-parser "^3.0.0"

postcss-ordered-values@^4.1.2:
  version "4.1.2"
  resolved "https://registry.yarnpkg.com/postcss-ordered-values/-/postcss-ordered-values-4.1.2.tgz#0cf75c820ec7d5c4d280189559e0b571ebac0eee"
  integrity sha512-2fCObh5UanxvSxeXrtLtlwVThBvHn6MQcu4ksNT2tsaV2Fg76R2CV98W7wNSlX+5/pFwEyaDwKLLoEV7uRybAw==
  dependencies:
    cssnano-util-get-arguments "^4.0.0"
    postcss "^7.0.0"
    postcss-value-parser "^3.0.0"

postcss-reduce-initial@^4.0.3:
  version "4.0.3"
  resolved "https://registry.yarnpkg.com/postcss-reduce-initial/-/postcss-reduce-initial-4.0.3.tgz#7fd42ebea5e9c814609639e2c2e84ae270ba48df"
  integrity sha512-gKWmR5aUulSjbzOfD9AlJiHCGH6AEVLaM0AV+aSioxUDd16qXP1PCh8d1/BGVvpdWn8k/HiK7n6TjeoXN1F7DA==
  dependencies:
    browserslist "^4.0.0"
    caniuse-api "^3.0.0"
    has "^1.0.0"
    postcss "^7.0.0"

postcss-reduce-transforms@^4.0.2:
  version "4.0.2"
  resolved "https://registry.yarnpkg.com/postcss-reduce-transforms/-/postcss-reduce-transforms-4.0.2.tgz#17efa405eacc6e07be3414a5ca2d1074681d4e29"
  integrity sha512-EEVig1Q2QJ4ELpJXMZR8Vt5DQx8/mo+dGWSR7vWXqcob2gQLyQGsionYcGKATXvQzMPn6DSN1vTN7yFximdIAg==
  dependencies:
    cssnano-util-get-match "^4.0.0"
    has "^1.0.0"
    postcss "^7.0.0"
    postcss-value-parser "^3.0.0"

postcss-selector-parser@^3.0.0:
  version "3.1.1"
  resolved "https://registry.yarnpkg.com/postcss-selector-parser/-/postcss-selector-parser-3.1.1.tgz#4f875f4afb0c96573d5cf4d74011aee250a7e865"
  integrity sha1-T4dfSvsMllc9XPTXQBGu4lCn6GU=
  dependencies:
    dot-prop "^4.1.1"
    indexes-of "^1.0.1"
    uniq "^1.0.1"

postcss-selector-parser@^5.0.0-rc.4:
  version "5.0.0"
  resolved "https://registry.yarnpkg.com/postcss-selector-parser/-/postcss-selector-parser-5.0.0.tgz#249044356697b33b64f1a8f7c80922dddee7195c"
  integrity sha512-w+zLE5Jhg6Liz8+rQOWEAwtwkyqpfnmsinXjXg6cY7YIONZZtgvE0v2O0uhQBs0peNomOJwWRKt6JBfTdTd3OQ==
  dependencies:
    cssesc "^2.0.0"
    indexes-of "^1.0.1"
    uniq "^1.0.1"

postcss-svgo@^4.0.2:
  version "4.0.2"
  resolved "https://registry.yarnpkg.com/postcss-svgo/-/postcss-svgo-4.0.2.tgz#17b997bc711b333bab143aaed3b8d3d6e3d38258"
  integrity sha512-C6wyjo3VwFm0QgBy+Fu7gCYOkCmgmClghO+pjcxvrcBKtiKt0uCF+hvbMO1fyv5BMImRK90SMb+dwUnfbGd+jw==
  dependencies:
    is-svg "^3.0.0"
    postcss "^7.0.0"
    postcss-value-parser "^3.0.0"
    svgo "^1.0.0"

postcss-unique-selectors@^4.0.1:
  version "4.0.1"
  resolved "https://registry.yarnpkg.com/postcss-unique-selectors/-/postcss-unique-selectors-4.0.1.tgz#9446911f3289bfd64c6d680f073c03b1f9ee4bac"
  integrity sha512-+JanVaryLo9QwZjKrmJgkI4Fn8SBgRO6WXQBJi7KiAVPlmxikB5Jzc4EvXMT2H0/m0RjrVVm9rGNhZddm/8Spg==
  dependencies:
    alphanum-sort "^1.0.0"
    postcss "^7.0.0"
    uniqs "^2.0.0"

postcss-value-parser@^3.0.0, postcss-value-parser@^3.3.1:
  version "3.3.1"
  resolved "https://registry.yarnpkg.com/postcss-value-parser/-/postcss-value-parser-3.3.1.tgz#9ff822547e2893213cf1c30efa51ac5fd1ba8281"
  integrity sha512-pISE66AbVkp4fDQ7VHBwRNXzAAKJjw4Vw7nWI/+Q3vuly7SNfgYXvm6i5IgFylHGK5sP/xHAbB7N49OS4gWNyQ==

postcss@^7.0.0, postcss@^7.0.16, postcss@^7.0.25, postcss@^7.0.5:
  version "7.0.25"
  resolved "https://registry.yarnpkg.com/postcss/-/postcss-7.0.25.tgz#dd2a2a753d50b13bed7a2009b4a18ac14d9db21e"
  integrity sha512-NXXVvWq9icrm/TgQC0O6YVFi4StfJz46M1iNd/h6B26Nvh/HKI+q4YZtFN/EjcInZliEscO/WL10BXnc1E5nwg==
  dependencies:
    chalk "^2.4.2"
    source-map "^0.6.1"
    supports-color "^6.1.0"

q@^1.1.2:
  version "1.5.1"
  resolved "https://registry.yarnpkg.com/q/-/q-1.5.1.tgz#7e32f75b41381291d04611f1bf14109ac00651d7"
  integrity sha1-fjL3W0E4EpHQRhHxvxQQmsAGUdc=

rgb-regex@^1.0.1:
  version "1.0.1"
  resolved "https://registry.yarnpkg.com/rgb-regex/-/rgb-regex-1.0.1.tgz#c0e0d6882df0e23be254a475e8edd41915feaeb1"
  integrity sha1-wODWiC3w4jviVKR16O3UGRX+rrE=

rgba-regex@^1.0.0:
  version "1.0.0"
  resolved "https://registry.yarnpkg.com/rgba-regex/-/rgba-regex-1.0.0.tgz#43374e2e2ca0968b0ef1523460b7d730ff22eeb3"
  integrity sha1-QzdOLiyglosO8VI0YLfXMP8i7rM=

sax@~1.2.4:
  version "1.2.4"
  resolved "https://registry.yarnpkg.com/sax/-/sax-1.2.4.tgz#2816234e2378bddc4e5354fab5caa895df7100d9"
  integrity sha512-NqVDv9TpANUjFm0N8uM5GxL36UgKi9/atZw+x7YFnQ8ckwFGKrl4xX4yWtrey3UJm5nP1kUbnYgLopqWNSRhWw==

semver@^6.3.0:
  version "6.3.0"
  resolved "https://registry.yarnpkg.com/semver/-/semver-6.3.0.tgz#ee0a64c8af5e8ceea67687b133761e1becbd1d3d"
  integrity sha512-b39TBaTSfV6yBrapU89p5fKekE2m/NwnDocOVruQFS1/veMgdzuPcnOM34M6CwxW8jH/lxEa5rBoDeUwu5HHTw==

simple-swizzle@^0.2.2:
  version "0.2.2"
  resolved "https://registry.yarnpkg.com/simple-swizzle/-/simple-swizzle-0.2.2.tgz#a4da6b635ffcccca33f70d17cb92592de95e557a"
  integrity sha1-pNprY1/8zMoz9w0Xy5JZLeleVXo=
  dependencies:
    is-arrayish "^0.3.1"

source-map@^0.6.1:
  version "0.6.1"
  resolved "https://registry.yarnpkg.com/source-map/-/source-map-0.6.1.tgz#74722af32e9614e9c287a8d0bbde48b5e2f1a263"
  integrity sha512-UjgapumWlbMhkBgzT7Ykc5YXUT46F0iKu8SGXq0bcwP5dz/h0Plj6enJqjz1Zbq2l5WaqYnrVbwWOWMyF3F47g==

sprintf-js@~1.0.2:
  version "1.0.3"
  resolved "https://registry.yarnpkg.com/sprintf-js/-/sprintf-js-1.0.3.tgz#04e6926f662895354f3dd015203633b857297e2c"
  integrity sha1-BOaSb2YolTVPPdAVIDYzuFcpfiw=

stable@^0.1.8:
  version "0.1.8"
  resolved "https://registry.yarnpkg.com/stable/-/stable-0.1.8.tgz#836eb3c8382fe2936feaf544631017ce7d47a3cf"
  integrity sha512-ji9qxRnOVfcuLDySj9qzhGSEFVobyt1kIOSkj1qZzYLzq7Tos/oUUWvotUPQLlrsidqsK6tBH89Bc9kL5zHA6w==

string.prototype.trimleft@^2.1.0:
  version "2.1.0"
  resolved "https://registry.yarnpkg.com/string.prototype.trimleft/-/string.prototype.trimleft-2.1.0.tgz#6cc47f0d7eb8d62b0f3701611715a3954591d634"
  integrity sha512-FJ6b7EgdKxxbDxc79cOlok6Afd++TTs5szo+zJTUyow3ycrRfJVE2pq3vcN53XexvKZu/DJMDfeI/qMiZTrjTw==
  dependencies:
    define-properties "^1.1.3"
    function-bind "^1.1.1"

string.prototype.trimright@^2.1.0:
  version "2.1.0"
  resolved "https://registry.yarnpkg.com/string.prototype.trimright/-/string.prototype.trimright-2.1.0.tgz#669d164be9df9b6f7559fa8e89945b168a5a6c58"
  integrity sha512-fXZTSV55dNBwv16uw+hh5jkghxSnc5oHq+5K/gXgizHwAvMetdAJlHqqoFC1FSDVPYWLkAKl2cxpUT41sV7nSg==
  dependencies:
    define-properties "^1.1.3"
    function-bind "^1.1.1"

stylehacks@^4.0.0:
  version "4.0.3"
  resolved "https://registry.yarnpkg.com/stylehacks/-/stylehacks-4.0.3.tgz#6718fcaf4d1e07d8a1318690881e8d96726a71d5"
  integrity sha512-7GlLk9JwlElY4Y6a/rmbH2MhVlTyVmiJd1PfTCqFaIBEGMYNsrO/v3SeGTdhBThLg4Z+NbOk/qFMwCa+J+3p/g==
  dependencies:
    browserslist "^4.0.0"
    postcss "^7.0.0"
    postcss-selector-parser "^3.0.0"

supports-color@^5.3.0:
  version "5.5.0"
  resolved "https://registry.yarnpkg.com/supports-color/-/supports-color-5.5.0.tgz#e2e69a44ac8772f78a1ec0b35b689df6530efc8f"
  integrity sha512-QjVjwdXIt408MIiAqCX4oUKsgU2EqAGzs2Ppkm4aQYbjm+ZEWEcW4SfFNTr4uMNZma0ey4f5lgLrkB0aX0QMow==
  dependencies:
    has-flag "^3.0.0"

supports-color@^6.1.0:
  version "6.1.0"
  resolved "https://registry.yarnpkg.com/supports-color/-/supports-color-6.1.0.tgz#0764abc69c63d5ac842dd4867e8d025e880df8f3"
  integrity sha512-qe1jfm1Mg7Nq/NSh6XE24gPXROEVsWHxC1LIx//XNlD9iw7YZQGjZNjYN7xGaEG6iKdA8EtNFW6R0gjnVXp+wQ==
  dependencies:
    has-flag "^3.0.0"

svgo@^1.0.0:
  version "1.3.2"
  resolved "https://registry.yarnpkg.com/svgo/-/svgo-1.3.2.tgz#b6dc511c063346c9e415b81e43401145b96d4167"
  integrity sha512-yhy/sQYxR5BkC98CY7o31VGsg014AKLEPxdfhora76l36hD9Rdy5NZA/Ocn6yayNPgSamYdtX2rFJdcv07AYVw==
  dependencies:
    chalk "^2.4.1"
    coa "^2.0.2"
    css-select "^2.0.0"
    css-select-base-adapter "^0.1.1"
    css-tree "1.0.0-alpha.37"
    csso "^4.0.2"
    js-yaml "^3.13.1"
    mkdirp "~0.5.1"
    object.values "^1.1.0"
    sax "~1.2.4"
    stable "^0.1.8"
    unquote "~1.1.1"
    util.promisify "~1.0.0"

timsort@^0.3.0:
  version "0.3.0"
  resolved "https://registry.yarnpkg.com/timsort/-/timsort-0.3.0.tgz#405411a8e7e6339fe64db9a234de11dc31e02bd4"
  integrity sha1-QFQRqOfmM5/mTbmiNN4R3DHgK9Q=

uniq@^1.0.1:
  version "1.0.1"
  resolved "https://registry.yarnpkg.com/uniq/-/uniq-1.0.1.tgz#b31c5ae8254844a3a8281541ce2b04b865a734ff"
  integrity sha1-sxxa6CVIRKOoKBVBzisEuGWnNP8=

uniqs@^2.0.0:
  version "2.0.0"
  resolved "https://registry.yarnpkg.com/uniqs/-/uniqs-2.0.0.tgz#ffede4b36b25290696e6e165d4a59edb998e6b02"
  integrity sha1-/+3ks2slKQaW5uFl1KWe25mOawI=

unquote@~1.1.1:
  version "1.1.1"
  resolved "https://registry.yarnpkg.com/unquote/-/unquote-1.1.1.tgz#8fded7324ec6e88a0ff8b905e7c098cdc086d544"
  integrity sha1-j97XMk7G6IoP+LkF58CYzcCG1UQ=

util.promisify@~1.0.0:
  version "1.0.0"
  resolved "https://registry.yarnpkg.com/util.promisify/-/util.promisify-1.0.0.tgz#440f7165a459c9a16dc145eb8e72f35687097030"
  integrity sha512-i+6qA2MPhvoKLuxnJNpXAGhg7HphQOSUq2LKMZD0m15EiskXUkMvKdF4Uui0WYeCUGea+o2cw/ZuwehtfsrNkA==
  dependencies:
    define-properties "^1.1.2"
    object.getownpropertydescriptors "^2.0.3"

vendors@^1.0.0:
  version "1.0.3"
  resolved "https://registry.yarnpkg.com/vendors/-/vendors-1.0.3.tgz#a6467781abd366217c050f8202e7e50cc9eef8c0"
  integrity sha512-fOi47nsJP5Wqefa43kyWSg80qF+Q3XA6MUkgi7Hp1HQaKDQW4cQrK2D0P7mmbFtsV1N89am55Yru/nyEwRubcw==
