# THIS IS AN AUTOGENERATED FILE. DO NOT EDIT THIS FILE DIRECTLY.
# yarn lockfile v1


alphanum-sort@^1.0.2:
  version "1.0.2"
  resolved "https://registry.yarnpkg.com/alphanum-sort/-/alphanum-sort-1.0.2.tgz#97a1119649b211ad33691d9f9f486a8ec9fbe0a3"
  integrity sha1-l6ERlkmyEa0zaR2fn0hqjsn74KM=

colorette@^1.2.2:
  version "1.2.2"
  resolved "https://registry.yarnpkg.com/colorette/-/colorette-1.2.2.tgz#cbcc79d5e99caea2dbf10eb3a26fd8b3e6acfa94"
  integrity sha512-MKGMzyfeuutC/ZJ1cba9NqcNpfeqMUcYmyF1ZFY6/Cn7CNSAKx6a+s48sqLqyAiZuaP2TcqMhoo+dlwFnVxT9w==

cssesc@^3.0.0:
  version "3.0.0"
  resolved "https://registry.yarnpkg.com/cssesc/-/cssesc-3.0.0.tgz#37741919903b868565e1c09ea747445cd18983ee"
  integrity sha512-/Tb/JcjK111nNScGob5MNtsntNM1aCNUDipB/TkwZFhyDrrE47SOx/18wF2bbjgc3ZzCSKW1T5nt5EbFoAz/Vg==

indexes-of@^1.0.1:
  version "1.0.1"
  resolved "https://registry.yarnpkg.com/indexes-of/-/indexes-of-1.0.1.tgz#f30f716c8e2bd346c7b67d3df3915566a7c05607"
  integrity sha1-8w9xbI4r00bHtn0985FVZqfAVgc=

nanoid@^3.1.22:
  version "3.1.23"
  resolved "https://registry.yarnpkg.com/nanoid/-/nanoid-3.1.23.tgz#f744086ce7c2bc47ee0a8472574d5c78e4183a81"
  integrity sha512-FiB0kzdP0FFVGDKlRLEQ1BgDzU87dy5NnzjeW9YZNt+/c3+q82EQDUwniSAUxp/F0gFNI1ZhKU1FqYsMuqZVnw==

postcss-selector-parser@^6.0.2:
  version "6.0.4"
  resolved "https://registry.yarnpkg.com/postcss-selector-parser/-/postcss-selector-parser-6.0.4.tgz#56075a1380a04604c38b063ea7767a129af5c2b3"
  integrity sha512-gjMeXBempyInaBqpp8gODmwZ52WaYsVOsfr4L4lDQ7n3ncD6mEyySiDtgzCT+NYC0mmeOLvtsF8iaEf0YT6dBw==
  dependencies:
    cssesc "^3.0.0"
    indexes-of "^1.0.1"
    uniq "^1.0.1"
    util-deprecate "^1.0.2"

postcss@^8.2.1:
  version "8.2.10"
  resolved "https://registry.yarnpkg.com/postcss/-/postcss-8.2.10.tgz#ca7a042aa8aff494b334d0ff3e9e77079f6f702b"
  integrity sha512-b/h7CPV7QEdrqIxtAf2j31U5ef05uBDuvoXv6L51Q4rcS1jdlXAVKJv+atCFdUXYl9dyTHGyoMzIepwowRJjFw==
  dependencies:
    colorette "^1.2.2"
    nanoid "^3.1.22"
    source-map "^0.6.1"

source-map@^0.6.1:
  version "0.6.1"
  resolved "https://registry.yarnpkg.com/source-map/-/source-map-0.6.1.tgz#74722af32e9614e9c287a8d0bbde48b5e2f1a263"
  integrity sha512-UjgapumWlbMhkBgzT7Ykc5YXUT46F0iKu8SGXq0bcwP5dz/h0Plj6enJqjz1Zbq2l5WaqYnrVbwWOWMyF3F47g==

uniq@^1.0.1:
  version "1.0.1"
  resolved "https://registry.yarnpkg.com/uniq/-/uniq-1.0.1.tgz#b31c5ae8254844a3a8281541ce2b04b865a734ff"
  integrity sha1-sxxa6CVIRKOoKBVBzisEuGWnNP8=

uniqs@^2.0.0:
  version "2.0.0"
  resolved "https://registry.yarnpkg.com/uniqs/-/uniqs-2.0.0.tgz#ffede4b36b25290696e6e165d4a59edb998e6b02"
  integrity sha1-/+3ks2slKQaW5uFl1KWe25mOawI=

util-deprecate@^1.0.2:
  version "1.0.2"
  resolved "https://registry.yarnpkg.com/util-deprecate/-/util-deprecate-1.0.2.tgz#450d4dc9fa70de732762fbd2d4a28981419a0ccf"
  integrity sha1-RQ1Nyfpw3nMnYvvS1KKJgUGaDM8=
